// !$*UTF8*$!
{
	archiveVersion = 1;
	classes = {
	};
	objectVersion = 46;
	objects = {

/* Begin PBXBuildFile section */
		A22059CC1A34875E00E8058C /* SecurityInformationAgent.m in Sources */ = {isa = PBXBuildFile; fileRef = A22059CB1A34875E00E8058C /* SecurityInformationAgent.m */; };
		A22B968A19ADCDF600D3BDC4 /* ActivitiCalendarViewController.m in Sources */ = {isa = PBXBuildFile; fileRef = A22B968919ADCDF600D3BDC4 /* ActivitiCalendarViewController.m */; };
		A22B968D19AE147E00D3BDC4 /* AcademicCalendarViewController.m in Sources */ = {isa = PBXBuildFile; fileRef = A22B968C19AE147D00D3BDC4 /* AcademicCalendarViewController.m */; };
		A22CFB421A3CF9120011FE86 /* ActivityBookingAgent.m in Sources */ = {isa = PBXBuildFile; fileRef = A22CFB411A3CF9120011FE86 /* ActivityBookingAgent.m */; };
		A232F1C01A275EFD00401DA1 /* Brisbane Schedule for Session 12 2014.pdf in Resources */ = {isa = PBXBuildFile; fileRef = A232F1BF1A275EFD00401DA1 /* Brisbane Schedule for Session 12 2014.pdf */; };
		A232F1C21A2761B200401DA1 /* QuickLook.framework in Frameworks */ = {isa = PBXBuildFile; fileRef = A232F1C11A2761B200401DA1 /* QuickLook.framework */; };
		A232F1D21A2B0BC700401DA1 /* ContactUsTableViewController.m in Sources */ = {isa = PBXBuildFile; fileRef = A232F1D01A2B0BC700401DA1 /* ContactUsTableViewController.m */; };
		A23F3D0F1A203BF7001744E7 /* SectionAgentFactory.m in Sources */ = {isa = PBXBuildFile; fileRef = A23F3D0E1A203BF7001744E7 /* SectionAgentFactory.m */; };
		A25D99711A8B3DCC00BA01CE /* SidebarViewController.m in Sources */ = {isa = PBXBuildFile; fileRef = A25D99701A8B3DCC00BA01CE /* SidebarViewController.m */; };
		A25D99741A8B598E00BA01CE /* NewsTableViewController.m in Sources */ = {isa = PBXBuildFile; fileRef = A25D99731A8B598E00BA01CE /* NewsTableViewController.m */; };
		A25D99771A8B5E3700BA01CE /* WhatsOnTableViewController.m in Sources */ = {isa = PBXBuildFile; fileRef = A25D99761A8B5E3700BA01CE /* WhatsOnTableViewController.m */; };
		A25D997A1A8B61F400BA01CE /* BasicInforTableViewController.m in Sources */ = {isa = PBXBuildFile; fileRef = A25D99791A8B61F400BA01CE /* BasicInforTableViewController.m */; };
		A25D997D1A8B70DC00BA01CE /* UsefulLinkCategoryTableViewController.m in Sources */ = {isa = PBXBuildFile; fileRef = A25D997C1A8B70DC00BA01CE /* UsefulLinkCategoryTableViewController.m */; };
		A27FE40E1A2DE7F00068A31B /* UsefulLinkItemTableViewController.m in Sources */ = {isa = PBXBuildFile; fileRef = A27FE40D1A2DE7F00068A31B /* UsefulLinkItemTableViewController.m */; };
		A297295E196CD7C000790428 /* Parse.framework in Frameworks */ = {isa = PBXBuildFile; fileRef = A297295D196CD7C000790428 /* Parse.framework */; };
		A2972960196CD7FF00790428 /* AudioToolbox.framework in Frameworks */ = {isa = PBXBuildFile; fileRef = A297295F196CD7FF00790428 /* AudioToolbox.framework */; };
		A2972962196CD80900790428 /* CFNetwork.framework in Frameworks */ = {isa = PBXBuildFile; fileRef = A2972961196CD80900790428 /* CFNetwork.framework */; };
		A2972964196CD81E00790428 /* CoreLocation.framework in Frameworks */ = {isa = PBXBuildFile; fileRef = A2972963196CD81E00790428 /* CoreLocation.framework */; };
		A2972966196CD82600790428 /* libz.dylib in Frameworks */ = {isa = PBXBuildFile; fileRef = A2972965196CD82600790428 /* libz.dylib */; };
		A2972968196CD82E00790428 /* MobileCoreServices.framework in Frameworks */ = {isa = PBXBuildFile; fileRef = A2972967196CD82E00790428 /* MobileCoreServices.framework */; };
		A297296A196CD83600790428 /* QuartzCore.framework in Frameworks */ = {isa = PBXBuildFile; fileRef = A2972969196CD83600790428 /* QuartzCore.framework */; };
		A297296C196CD84000790428 /* Security.framework in Frameworks */ = {isa = PBXBuildFile; fileRef = A297296B196CD84000790428 /* Security.framework */; };
		A297296E196CD84800790428 /* StoreKit.framework in Frameworks */ = {isa = PBXBuildFile; fileRef = A297296D196CD84800790428 /* StoreKit.framework */; };
		A2972970196CD85000790428 /* SystemConfiguration.framework in Frameworks */ = {isa = PBXBuildFile; fileRef = A297296F196CD85000790428 /* SystemConfiguration.framework */; };
		A29E83B319EF917B007E4CF0 /* InformationTableViewController.m in Sources */ = {isa = PBXBuildFile; fileRef = A29E83B219EF917B007E4CF0 /* InformationTableViewController.m */; };
		A2ADA74E19760BFC008DC3F7 /* PropertyListReader.m in Sources */ = {isa = PBXBuildFile; fileRef = A2ADA74D19760BFC008DC3F7 /* PropertyListReader.m */; };
		A2ADA7501976116B008DC3F7 /* ILSC-Brisbane-Official-Info.plist in Resources */ = {isa = PBXBuildFile; fileRef = A2ADA74F1976116B008DC3F7 /* ILSC-Brisbane-Official-Info.plist */; };
		A2B1E6861962D98E007E83B0 /* Foundation.framework in Frameworks */ = {isa = PBXBuildFile; fileRef = A2B1E6851962D98E007E83B0 /* Foundation.framework */; };
		A2B1E6881962D98E007E83B0 /* CoreGraphics.framework in Frameworks */ = {isa = PBXBuildFile; fileRef = A2B1E6871962D98E007E83B0 /* CoreGraphics.framework */; };
		A2B1E68A1962D98E007E83B0 /* UIKit.framework in Frameworks */ = {isa = PBXBuildFile; fileRef = A2B1E6891962D98E007E83B0 /* UIKit.framework */; };
		A2B1E6901962D98E007E83B0 /* InfoPlist.strings in Resources */ = {isa = PBXBuildFile; fileRef = A2B1E68E1962D98E007E83B0 /* InfoPlist.strings */; };
		A2B1E6921962D98E007E83B0 /* main.m in Sources */ = {isa = PBXBuildFile; fileRef = A2B1E6911962D98E007E83B0 /* main.m */; };
		A2B1E6961962D98E007E83B0 /* AppDelegate.m in Sources */ = {isa = PBXBuildFile; fileRef = A2B1E6951962D98E007E83B0 /* AppDelegate.m */; };
		A2B1E6991962D98E007E83B0 /* Main.storyboard in Resources */ = {isa = PBXBuildFile; fileRef = A2B1E6971962D98E007E83B0 /* Main.storyboard */; };
		A2B1E69C1962D98E007E83B0 /* MenuViewController.m in Sources */ = {isa = PBXBuildFile; fileRef = A2B1E69B1962D98E007E83B0 /* MenuViewController.m */; };
		A2B1E69E1962D98E007E83B0 /* Images.xcassets in Resources */ = {isa = PBXBuildFile; fileRef = A2B1E69D1962D98E007E83B0 /* Images.xcassets */; };
		A2B1E6A51962D98E007E83B0 /* XCTest.framework in Frameworks */ = {isa = PBXBuildFile; fileRef = A2B1E6A41962D98E007E83B0 /* XCTest.framework */; };
		A2B1E6A61962D98E007E83B0 /* Foundation.framework in Frameworks */ = {isa = PBXBuildFile; fileRef = A2B1E6851962D98E007E83B0 /* Foundation.framework */; };
		A2B1E6A71962D98E007E83B0 /* UIKit.framework in Frameworks */ = {isa = PBXBuildFile; fileRef = A2B1E6891962D98E007E83B0 /* UIKit.framework */; };
		A2B1E6AF1962D98F007E83B0 /* InfoPlist.strings in Resources */ = {isa = PBXBuildFile; fileRef = A2B1E6AD1962D98F007E83B0 /* InfoPlist.strings */; };
		A2B1E6B11962D98F007E83B0 /* ILSC_BrisbaneTests.m in Sources */ = {isa = PBXBuildFile; fileRef = A2B1E6B01962D98F007E83B0 /* ILSC_BrisbaneTests.m */; };
		A2B1E6BB1962E84F007E83B0 /* MapKit.framework in Frameworks */ = {isa = PBXBuildFile; fileRef = A2B1E6BA1962E84F007E83B0 /* MapKit.framework */; };
		A2B1E6BF1962ED4F007E83B0 /* MapViewController.m in Sources */ = {isa = PBXBuildFile; fileRef = A2B1E6BE1962ED4F007E83B0 /* MapViewController.m */; };
		B6D1957C521A5006E0927901 /* libPods-ILSC-Brisbane.a in Frameworks */ = {isa = PBXBuildFile; fileRef = D2E78265C7AA21B0A1E48551 /* libPods-ILSC-Brisbane.a */; };
/* End PBXBuildFile section */

/* Begin PBXContainerItemProxy section */
		A2B1E6A81962D98E007E83B0 /* PBXContainerItemProxy */ = {
			isa = PBXContainerItemProxy;
			containerPortal = A2B1E67A1962D98E007E83B0 /* Project object */;
			proxyType = 1;
			remoteGlobalIDString = A2B1E6811962D98E007E83B0;
			remoteInfo = "ILSC-Brisbane";
		};
/* End PBXContainerItemProxy section */

/* Begin PBXFileReference section */
		1499562A24F20D250EEB2EC2 /* Pods-ILSC-Brisbane.release.xcconfig */ = {isa = PBXFileReference; includeInIndex = 1; lastKnownFileType = text.xcconfig; name = "Pods-ILSC-Brisbane.release.xcconfig"; path = "Pods/Target Support Files/Pods-ILSC-Brisbane/Pods-ILSC-Brisbane.release.xcconfig"; sourceTree = "<group>"; };
		4E55CE255AA43F41E165A7FF /* Pods-ILSC-Brisbane.debug.xcconfig */ = {isa = PBXFileReference; includeInIndex = 1; lastKnownFileType = text.xcconfig; name = "Pods-ILSC-Brisbane.debug.xcconfig"; path = "Pods/Target Support Files/Pods-ILSC-Brisbane/Pods-ILSC-Brisbane.debug.xcconfig"; sourceTree = "<group>"; };
		A22059CA1A34875E00E8058C /* SecurityInformationAgent.h */ = {isa = PBXFileReference; fileEncoding = 4; lastKnownFileType = sourcecode.c.h; path = SecurityInformationAgent.h; sourceTree = "<group>"; };
		A22059CB1A34875E00E8058C /* SecurityInformationAgent.m */ = {isa = PBXFileReference; fileEncoding = 4; lastKnownFileType = sourcecode.c.objc; path = SecurityInformationAgent.m; sourceTree = "<group>"; };
		A22B968819ADCDF600D3BDC4 /* ActivitiCalendarViewController.h */ = {isa = PBXFileReference; fileEncoding = 4; lastKnownFileType = sourcecode.c.h; path = ActivitiCalendarViewController.h; sourceTree = "<group>"; };
		A22B968919ADCDF600D3BDC4 /* ActivitiCalendarViewController.m */ = {isa = PBXFileReference; fileEncoding = 4; lastKnownFileType = sourcecode.c.objc; path = ActivitiCalendarViewController.m; sourceTree = "<group>"; };
		A22B968B19AE147D00D3BDC4 /* AcademicCalendarViewController.h */ = {isa = PBXFileReference; fileEncoding = 4; lastKnownFileType = sourcecode.c.h; path = AcademicCalendarViewController.h; sourceTree = "<group>"; };
		A22B968C19AE147D00D3BDC4 /* AcademicCalendarViewController.m */ = {isa = PBXFileReference; fileEncoding = 4; lastKnownFileType = sourcecode.c.objc; path = AcademicCalendarViewController.m; sourceTree = "<group>"; };
		A22CFB401A3CF9120011FE86 /* ActivityBookingAgent.h */ = {isa = PBXFileReference; fileEncoding = 4; lastKnownFileType = sourcecode.c.h; path = ActivityBookingAgent.h; sourceTree = "<group>"; };
		A22CFB411A3CF9120011FE86 /* ActivityBookingAgent.m */ = {isa = PBXFileReference; fileEncoding = 4; lastKnownFileType = sourcecode.c.objc; path = ActivityBookingAgent.m; sourceTree = "<group>"; };
		A232F1BF1A275EFD00401DA1 /* Brisbane Schedule for Session 12 2014.pdf */ = {isa = PBXFileReference; lastKnownFileType = image.pdf; path = "Brisbane Schedule for Session 12 2014.pdf"; sourceTree = "<group>"; };
		A232F1C11A2761B200401DA1 /* QuickLook.framework */ = {isa = PBXFileReference; lastKnownFileType = wrapper.framework; name = QuickLook.framework; path = System/Library/Frameworks/QuickLook.framework; sourceTree = SDKROOT; };
		A232F1CF1A2B0BC700401DA1 /* ContactUsTableViewController.h */ = {isa = PBXFileReference; fileEncoding = 4; lastKnownFileType = sourcecode.c.h; path = ContactUsTableViewController.h; sourceTree = "<group>"; };
		A232F1D01A2B0BC700401DA1 /* ContactUsTableViewController.m */ = {isa = PBXFileReference; fileEncoding = 4; lastKnownFileType = sourcecode.c.objc; path = ContactUsTableViewController.m; sourceTree = "<group>"; };
		A23F3D0C1A203578001744E7 /* SectionAgent.h */ = {isa = PBXFileReference; fileEncoding = 4; lastKnownFileType = sourcecode.c.h; path = SectionAgent.h; sourceTree = "<group>"; };
		A23F3D0D1A203BF7001744E7 /* SectionAgentFactory.h */ = {isa = PBXFileReference; fileEncoding = 4; lastKnownFileType = sourcecode.c.h; path = SectionAgentFactory.h; sourceTree = "<group>"; };
		A23F3D0E1A203BF7001744E7 /* SectionAgentFactory.m */ = {isa = PBXFileReference; fileEncoding = 4; lastKnownFileType = sourcecode.c.objc; path = SectionAgentFactory.m; sourceTree = "<group>"; };
		A25D996F1A8B3DCC00BA01CE /* SidebarViewController.h */ = {isa = PBXFileReference; fileEncoding = 4; lastKnownFileType = sourcecode.c.h; path = SidebarViewController.h; sourceTree = "<group>"; };
		A25D99701A8B3DCC00BA01CE /* SidebarViewController.m */ = {isa = PBXFileReference; fileEncoding = 4; lastKnownFileType = sourcecode.c.objc; path = SidebarViewController.m; sourceTree = "<group>"; };
		A25D99721A8B598E00BA01CE /* NewsTableViewController.h */ = {isa = PBXFileReference; fileEncoding = 4; lastKnownFileType = sourcecode.c.h; path = NewsTableViewController.h; sourceTree = "<group>"; };
		A25D99731A8B598E00BA01CE /* NewsTableViewController.m */ = {isa = PBXFileReference; fileEncoding = 4; lastKnownFileType = sourcecode.c.objc; path = NewsTableViewController.m; sourceTree = "<group>"; };
		A25D99751A8B5E3700BA01CE /* WhatsOnTableViewController.h */ = {isa = PBXFileReference; fileEncoding = 4; lastKnownFileType = sourcecode.c.h; path = WhatsOnTableViewController.h; sourceTree = "<group>"; };
		A25D99761A8B5E3700BA01CE /* WhatsOnTableViewController.m */ = {isa = PBXFileReference; fileEncoding = 4; lastKnownFileType = sourcecode.c.objc; path = WhatsOnTableViewController.m; sourceTree = "<group>"; };
		A25D99781A8B61F400BA01CE /* BasicInforTableViewController.h */ = {isa = PBXFileReference; fileEncoding = 4; lastKnownFileType = sourcecode.c.h; path = BasicInforTableViewController.h; sourceTree = "<group>"; };
		A25D99791A8B61F400BA01CE /* BasicInforTableViewController.m */ = {isa = PBXFileReference; fileEncoding = 4; lastKnownFileType = sourcecode.c.objc; path = BasicInforTableViewController.m; sourceTree = "<group>"; };
		A25D997B1A8B70DC00BA01CE /* UsefulLinkCategoryTableViewController.h */ = {isa = PBXFileReference; fileEncoding = 4; lastKnownFileType = sourcecode.c.h; path = UsefulLinkCategoryTableViewController.h; sourceTree = "<group>"; };
		A25D997C1A8B70DC00BA01CE /* UsefulLinkCategoryTableViewController.m */ = {isa = PBXFileReference; fileEncoding = 4; lastKnownFileType = sourcecode.c.objc; path = UsefulLinkCategoryTableViewController.m; sourceTree = "<group>"; };
		A27FE40C1A2DE7F00068A31B /* UsefulLinkItemTableViewController.h */ = {isa = PBXFileReference; fileEncoding = 4; lastKnownFileType = sourcecode.c.h; path = UsefulLinkItemTableViewController.h; sourceTree = "<group>"; };
		A27FE40D1A2DE7F00068A31B /* UsefulLinkItemTableViewController.m */ = {isa = PBXFileReference; fileEncoding = 4; lastKnownFileType = sourcecode.c.objc; path = UsefulLinkItemTableViewController.m; sourceTree = "<group>"; };
		A297295D196CD7C000790428 /* Parse.framework */ = {isa = PBXFileReference; lastKnownFileType = wrapper.framework; path = Parse.framework; sourceTree = "<group>"; };
		A297295F196CD7FF00790428 /* AudioToolbox.framework */ = {isa = PBXFileReference; lastKnownFileType = wrapper.framework; name = AudioToolbox.framework; path = System/Library/Frameworks/AudioToolbox.framework; sourceTree = SDKROOT; };
		A2972961196CD80900790428 /* CFNetwork.framework */ = {isa = PBXFileReference; lastKnownFileType = wrapper.framework; name = CFNetwork.framework; path = System/Library/Frameworks/CFNetwork.framework; sourceTree = SDKROOT; };
		A2972963196CD81E00790428 /* CoreLocation.framework */ = {isa = PBXFileReference; lastKnownFileType = wrapper.framework; name = CoreLocation.framework; path = System/Library/Frameworks/CoreLocation.framework; sourceTree = SDKROOT; };
		A2972965196CD82600790428 /* libz.dylib */ = {isa = PBXFileReference; lastKnownFileType = "compiled.mach-o.dylib"; name = libz.dylib; path = usr/lib/libz.dylib; sourceTree = SDKROOT; };
		A2972967196CD82E00790428 /* MobileCoreServices.framework */ = {isa = PBXFileReference; lastKnownFileType = wrapper.framework; name = MobileCoreServices.framework; path = System/Library/Frameworks/MobileCoreServices.framework; sourceTree = SDKROOT; };
		A2972969196CD83600790428 /* QuartzCore.framework */ = {isa = PBXFileReference; lastKnownFileType = wrapper.framework; name = QuartzCore.framework; path = System/Library/Frameworks/QuartzCore.framework; sourceTree = SDKROOT; };
		A297296B196CD84000790428 /* Security.framework */ = {isa = PBXFileReference; lastKnownFileType = wrapper.framework; name = Security.framework; path = System/Library/Frameworks/Security.framework; sourceTree = SDKROOT; };
		A297296D196CD84800790428 /* StoreKit.framework */ = {isa = PBXFileReference; lastKnownFileType = wrapper.framework; name = StoreKit.framework; path = System/Library/Frameworks/StoreKit.framework; sourceTree = SDKROOT; };
		A297296F196CD85000790428 /* SystemConfiguration.framework */ = {isa = PBXFileReference; lastKnownFileType = wrapper.framework; name = SystemConfiguration.framework; path = System/Library/Frameworks/SystemConfiguration.framework; sourceTree = SDKROOT; };
		A29E83B119EF917B007E4CF0 /* InformationTableViewController.h */ = {isa = PBXFileReference; fileEncoding = 4; lastKnownFileType = sourcecode.c.h; path = InformationTableViewController.h; sourceTree = "<group>"; };
		A29E83B219EF917B007E4CF0 /* InformationTableViewController.m */ = {isa = PBXFileReference; fileEncoding = 4; lastKnownFileType = sourcecode.c.objc; path = InformationTableViewController.m; sourceTree = "<group>"; };
		A2ADA74C19760BFC008DC3F7 /* PropertyListReader.h */ = {isa = PBXFileReference; fileEncoding = 4; lastKnownFileType = sourcecode.c.h; path = PropertyListReader.h; sourceTree = "<group>"; };
		A2ADA74D19760BFC008DC3F7 /* PropertyListReader.m */ = {isa = PBXFileReference; fileEncoding = 4; lastKnownFileType = sourcecode.c.objc; path = PropertyListReader.m; sourceTree = "<group>"; };
		A2ADA74F1976116B008DC3F7 /* ILSC-Brisbane-Official-Info.plist */ = {isa = PBXFileReference; fileEncoding = 4; lastKnownFileType = text.plist.xml; path = "ILSC-Brisbane-Official-Info.plist"; sourceTree = "<group>"; };
		A2B1E6821962D98E007E83B0 /* ILSC-Brisbane.app */ = {isa = PBXFileReference; explicitFileType = wrapper.application; includeInIndex = 0; path = "ILSC-Brisbane.app"; sourceTree = BUILT_PRODUCTS_DIR; };
		A2B1E6851962D98E007E83B0 /* Foundation.framework */ = {isa = PBXFileReference; lastKnownFileType = wrapper.framework; name = Foundation.framework; path = System/Library/Frameworks/Foundation.framework; sourceTree = SDKROOT; };
		A2B1E6871962D98E007E83B0 /* CoreGraphics.framework */ = {isa = PBXFileReference; lastKnownFileType = wrapper.framework; name = CoreGraphics.framework; path = System/Library/Frameworks/CoreGraphics.framework; sourceTree = SDKROOT; };
		A2B1E6891962D98E007E83B0 /* UIKit.framework */ = {isa = PBXFileReference; lastKnownFileType = wrapper.framework; name = UIKit.framework; path = System/Library/Frameworks/UIKit.framework; sourceTree = SDKROOT; };
		A2B1E68D1962D98E007E83B0 /* ILSC-Brisbane-Info.plist */ = {isa = PBXFileReference; lastKnownFileType = text.plist.xml; path = "ILSC-Brisbane-Info.plist"; sourceTree = "<group>"; };
		A2B1E68F1962D98E007E83B0 /* en */ = {isa = PBXFileReference; lastKnownFileType = text.plist.strings; name = en; path = en.lproj/InfoPlist.strings; sourceTree = "<group>"; };
		A2B1E6911962D98E007E83B0 /* main.m */ = {isa = PBXFileReference; lastKnownFileType = sourcecode.c.objc; path = main.m; sourceTree = "<group>"; };
		A2B1E6931962D98E007E83B0 /* ILSC-Brisbane-Prefix.pch */ = {isa = PBXFileReference; lastKnownFileType = sourcecode.c.h; path = "ILSC-Brisbane-Prefix.pch"; sourceTree = "<group>"; };
		A2B1E6941962D98E007E83B0 /* AppDelegate.h */ = {isa = PBXFileReference; lastKnownFileType = sourcecode.c.h; path = AppDelegate.h; sourceTree = "<group>"; };
		A2B1E6951962D98E007E83B0 /* AppDelegate.m */ = {isa = PBXFileReference; lastKnownFileType = sourcecode.c.objc; path = AppDelegate.m; sourceTree = "<group>"; };
		A2B1E6981962D98E007E83B0 /* Base */ = {isa = PBXFileReference; lastKnownFileType = file.storyboard; name = Base; path = Base.lproj/Main.storyboard; sourceTree = "<group>"; };
		A2B1E69A1962D98E007E83B0 /* MenuViewController.h */ = {isa = PBXFileReference; lastKnownFileType = sourcecode.c.h; path = MenuViewController.h; sourceTree = "<group>"; };
		A2B1E69B1962D98E007E83B0 /* MenuViewController.m */ = {isa = PBXFileReference; lastKnownFileType = sourcecode.c.objc; path = MenuViewController.m; sourceTree = "<group>"; };
		A2B1E69D1962D98E007E83B0 /* Images.xcassets */ = {isa = PBXFileReference; lastKnownFileType = folder.assetcatalog; path = Images.xcassets; sourceTree = "<group>"; };
		A2B1E6A31962D98E007E83B0 /* ILSC-BrisbaneTests.xctest */ = {isa = PBXFileReference; explicitFileType = wrapper.cfbundle; includeInIndex = 0; path = "ILSC-BrisbaneTests.xctest"; sourceTree = BUILT_PRODUCTS_DIR; };
		A2B1E6A41962D98E007E83B0 /* XCTest.framework */ = {isa = PBXFileReference; lastKnownFileType = wrapper.framework; name = XCTest.framework; path = Library/Frameworks/XCTest.framework; sourceTree = DEVELOPER_DIR; };
		A2B1E6AC1962D98E007E83B0 /* ILSC-BrisbaneTests-Info.plist */ = {isa = PBXFileReference; lastKnownFileType = text.plist.xml; path = "ILSC-BrisbaneTests-Info.plist"; sourceTree = "<group>"; };
		A2B1E6AE1962D98F007E83B0 /* en */ = {isa = PBXFileReference; lastKnownFileType = text.plist.strings; name = en; path = en.lproj/InfoPlist.strings; sourceTree = "<group>"; };
		A2B1E6B01962D98F007E83B0 /* ILSC_BrisbaneTests.m */ = {isa = PBXFileReference; lastKnownFileType = sourcecode.c.objc; path = ILSC_BrisbaneTests.m; sourceTree = "<group>"; };
		A2B1E6BA1962E84F007E83B0 /* MapKit.framework */ = {isa = PBXFileReference; lastKnownFileType = wrapper.framework; name = MapKit.framework; path = System/Library/Frameworks/MapKit.framework; sourceTree = SDKROOT; };
		A2B1E6BD1962ED4F007E83B0 /* MapViewController.h */ = {isa = PBXFileReference; fileEncoding = 4; lastKnownFileType = sourcecode.c.h; path = MapViewController.h; sourceTree = "<group>"; };
		A2B1E6BE1962ED4F007E83B0 /* MapViewController.m */ = {isa = PBXFileReference; fileEncoding = 4; lastKnownFileType = sourcecode.c.objc; path = MapViewController.m; sourceTree = "<group>"; };
		D2E78265C7AA21B0A1E48551 /* libPods-ILSC-Brisbane.a */ = {isa = PBXFileReference; explicitFileType = archive.ar; includeInIndex = 0; path = "libPods-ILSC-Brisbane.a"; sourceTree = BUILT_PRODUCTS_DIR; };
/* End PBXFileReference section */

/* Begin PBXFrameworksBuildPhase section */
		A2B1E67F1962D98E007E83B0 /* Frameworks */ = {
			isa = PBXFrameworksBuildPhase;
			buildActionMask = 2147483647;
			files = (
				A232F1C21A2761B200401DA1 /* QuickLook.framework in Frameworks */,
				A297296A196CD83600790428 /* QuartzCore.framework in Frameworks */,
				A2972970196CD85000790428 /* SystemConfiguration.framework in Frameworks */,
				A297296E196CD84800790428 /* StoreKit.framework in Frameworks */,
				A297296C196CD84000790428 /* Security.framework in Frameworks */,
				A2972968196CD82E00790428 /* MobileCoreServices.framework in Frameworks */,
				A2972966196CD82600790428 /* libz.dylib in Frameworks */,
				A2972964196CD81E00790428 /* CoreLocation.framework in Frameworks */,
				A2B1E6881962D98E007E83B0 /* CoreGraphics.framework in Frameworks */,
				A2972962196CD80900790428 /* CFNetwork.framework in Frameworks */,
				A2972960196CD7FF00790428 /* AudioToolbox.framework in Frameworks */,
				A2B1E6BB1962E84F007E83B0 /* MapKit.framework in Frameworks */,
				A2B1E68A1962D98E007E83B0 /* UIKit.framework in Frameworks */,
				A2B1E6861962D98E007E83B0 /* Foundation.framework in Frameworks */,
				A297295E196CD7C000790428 /* Parse.framework in Frameworks */,
				B6D1957C521A5006E0927901 /* libPods-ILSC-Brisbane.a in Frameworks */,
			);
			runOnlyForDeploymentPostprocessing = 0;
		};
		A2B1E6A01962D98E007E83B0 /* Frameworks */ = {
			isa = PBXFrameworksBuildPhase;
			buildActionMask = 2147483647;
			files = (
				A2B1E6A51962D98E007E83B0 /* XCTest.framework in Frameworks */,
				A2B1E6A71962D98E007E83B0 /* UIKit.framework in Frameworks */,
				A2B1E6A61962D98E007E83B0 /* Foundation.framework in Frameworks */,
			);
			runOnlyForDeploymentPostprocessing = 0;
		};
/* End PBXFrameworksBuildPhase section */

/* Begin PBXGroup section */
		5A0DCAFE3BA39FE12875FCA8 /* Pods */ = {
			isa = PBXGroup;
			children = (
				4E55CE255AA43F41E165A7FF /* Pods-ILSC-Brisbane.debug.xcconfig */,
				1499562A24F20D250EEB2EC2 /* Pods-ILSC-Brisbane.release.xcconfig */,
			);
			name = Pods;
			sourceTree = "<group>";
		};
		A232F1BE1A275E2300401DA1 /* PDFFile */ = {
			isa = PBXGroup;
			children = (
				A232F1BF1A275EFD00401DA1 /* Brisbane Schedule for Session 12 2014.pdf */,
			);
			name = PDFFile;
			sourceTree = "<group>";
		};
		A23F3D081A20328B001744E7 /* TableViewSectionAgent */ = {
			isa = PBXGroup;
			children = (
				A23F3D0C1A203578001744E7 /* SectionAgent.h */,
				A23F3D0D1A203BF7001744E7 /* SectionAgentFactory.h */,
				A23F3D0E1A203BF7001744E7 /* SectionAgentFactory.m */,
				A22059CA1A34875E00E8058C /* SecurityInformationAgent.h */,
				A22059CB1A34875E00E8058C /* SecurityInformationAgent.m */,
				A22CFB401A3CF9120011FE86 /* ActivityBookingAgent.h */,
				A22CFB411A3CF9120011FE86 /* ActivityBookingAgent.m */,
			);
			name = TableViewSectionAgent;
			sourceTree = "<group>";
		};
		A2ADA74B19760B9E008DC3F7 /* Utility */ = {
			isa = PBXGroup;
			children = (
				A2ADA74C19760BFC008DC3F7 /* PropertyListReader.h */,
				A2ADA74D19760BFC008DC3F7 /* PropertyListReader.m */,
			);
			name = Utility;
			sourceTree = "<group>";
		};
		A2B1E6791962D98E007E83B0 = {
			isa = PBXGroup;
			children = (
				A2B1E68B1962D98E007E83B0 /* ILSC-Brisbane */,
				A2B1E6AA1962D98E007E83B0 /* ILSC-BrisbaneTests */,
				A2B1E6841962D98E007E83B0 /* Frameworks */,
				A2B1E6831962D98E007E83B0 /* Products */,
				5A0DCAFE3BA39FE12875FCA8 /* Pods */,
			);
			sourceTree = "<group>";
		};
		A2B1E6831962D98E007E83B0 /* Products */ = {
			isa = PBXGroup;
			children = (
				A2B1E6821962D98E007E83B0 /* ILSC-Brisbane.app */,
				A2B1E6A31962D98E007E83B0 /* ILSC-BrisbaneTests.xctest */,
			);
			name = Products;
			sourceTree = "<group>";
		};
		A2B1E6841962D98E007E83B0 /* Frameworks */ = {
			isa = PBXGroup;
			children = (
				A232F1C11A2761B200401DA1 /* QuickLook.framework */,
				A297296F196CD85000790428 /* SystemConfiguration.framework */,
				A297296D196CD84800790428 /* StoreKit.framework */,
				A297296B196CD84000790428 /* Security.framework */,
				A2972969196CD83600790428 /* QuartzCore.framework */,
				A2972967196CD82E00790428 /* MobileCoreServices.framework */,
				A2972965196CD82600790428 /* libz.dylib */,
				A2972963196CD81E00790428 /* CoreLocation.framework */,
				A2972961196CD80900790428 /* CFNetwork.framework */,
				A297295F196CD7FF00790428 /* AudioToolbox.framework */,
				A297295D196CD7C000790428 /* Parse.framework */,
				A2B1E6BA1962E84F007E83B0 /* MapKit.framework */,
				A2B1E6851962D98E007E83B0 /* Foundation.framework */,
				A2B1E6871962D98E007E83B0 /* CoreGraphics.framework */,
				A2B1E6891962D98E007E83B0 /* UIKit.framework */,
				A2B1E6A41962D98E007E83B0 /* XCTest.framework */,
				D2E78265C7AA21B0A1E48551 /* libPods-ILSC-Brisbane.a */,
			);
			name = Frameworks;
			sourceTree = "<group>";
		};
		A2B1E68B1962D98E007E83B0 /* ILSC-Brisbane */ = {
			isa = PBXGroup;
			children = (
				A232F1BE1A275E2300401DA1 /* PDFFile */,
				A23F3D081A20328B001744E7 /* TableViewSectionAgent */,
				A2ADA74B19760B9E008DC3F7 /* Utility */,
				A2B1E6BC1962ECA2007E83B0 /* ViewController */,
				A2B1E6971962D98E007E83B0 /* Main.storyboard */,
				A2B1E68C1962D98E007E83B0 /* Supporting Files */,
			);
			path = "ILSC-Brisbane";
			sourceTree = "<group>";
		};
		A2B1E68C1962D98E007E83B0 /* Supporting Files */ = {
			isa = PBXGroup;
			children = (
				A2B1E6941962D98E007E83B0 /* AppDelegate.h */,
				A2B1E6951962D98E007E83B0 /* AppDelegate.m */,
				A2B1E69D1962D98E007E83B0 /* Images.xcassets */,
				A2B1E68D1962D98E007E83B0 /* ILSC-Brisbane-Info.plist */,
				A2B1E68E1962D98E007E83B0 /* InfoPlist.strings */,
				A2B1E6911962D98E007E83B0 /* main.m */,
				A2B1E6931962D98E007E83B0 /* ILSC-Brisbane-Prefix.pch */,
				A2ADA74F1976116B008DC3F7 /* ILSC-Brisbane-Official-Info.plist */,
			);
			name = "Supporting Files";
			sourceTree = "<group>";
		};
		A2B1E6AA1962D98E007E83B0 /* ILSC-BrisbaneTests */ = {
			isa = PBXGroup;
			children = (
				A2B1E6B01962D98F007E83B0 /* ILSC_BrisbaneTests.m */,
				A2B1E6AB1962D98E007E83B0 /* Supporting Files */,
			);
			path = "ILSC-BrisbaneTests";
			sourceTree = "<group>";
		};
		A2B1E6AB1962D98E007E83B0 /* Supporting Files */ = {
			isa = PBXGroup;
			children = (
				A2B1E6AC1962D98E007E83B0 /* ILSC-BrisbaneTests-Info.plist */,
				A2B1E6AD1962D98F007E83B0 /* InfoPlist.strings */,
			);
			name = "Supporting Files";
			sourceTree = "<group>";
		};
		A2B1E6BC1962ECA2007E83B0 /* ViewController */ = {
			isa = PBXGroup;
			children = (
				A2B1E69A1962D98E007E83B0 /* MenuViewController.h */,
				A2B1E69B1962D98E007E83B0 /* MenuViewController.m */,
				A25D996F1A8B3DCC00BA01CE /* SidebarViewController.h */,
				A25D99701A8B3DCC00BA01CE /* SidebarViewController.m */,
				A2B1E6BD1962ED4F007E83B0 /* MapViewController.h */,
				A2B1E6BE1962ED4F007E83B0 /* MapViewController.m */,
				A22B968819ADCDF600D3BDC4 /* ActivitiCalendarViewController.h */,
				A22B968919ADCDF600D3BDC4 /* ActivitiCalendarViewController.m */,
				A22B968B19AE147D00D3BDC4 /* AcademicCalendarViewController.h */,
				A22B968C19AE147D00D3BDC4 /* AcademicCalendarViewController.m */,
				A29E83B119EF917B007E4CF0 /* InformationTableViewController.h */,
				A29E83B219EF917B007E4CF0 /* InformationTableViewController.m */,
				A232F1CF1A2B0BC700401DA1 /* ContactUsTableViewController.h */,
				A232F1D01A2B0BC700401DA1 /* ContactUsTableViewController.m */,
				A25D99721A8B598E00BA01CE /* NewsTableViewController.h */,
				A25D99731A8B598E00BA01CE /* NewsTableViewController.m */,
				A25D99751A8B5E3700BA01CE /* WhatsOnTableViewController.h */,
				A25D99761A8B5E3700BA01CE /* WhatsOnTableViewController.m */,
				A25D99781A8B61F400BA01CE /* BasicInforTableViewController.h */,
				A25D99791A8B61F400BA01CE /* BasicInforTableViewController.m */,
				A25D997B1A8B70DC00BA01CE /* UsefulLinkCategoryTableViewController.h */,
				A25D997C1A8B70DC00BA01CE /* UsefulLinkCategoryTableViewController.m */,
				A27FE40C1A2DE7F00068A31B /* UsefulLinkItemTableViewController.h */,
				A27FE40D1A2DE7F00068A31B /* UsefulLinkItemTableViewController.m */,
			);
			name = ViewController;
			sourceTree = "<group>";
		};
/* End PBXGroup section */

/* Begin PBXNativeTarget section */
		A2B1E6811962D98E007E83B0 /* ILSC-Brisbane */ = {
			isa = PBXNativeTarget;
			buildConfigurationList = A2B1E6B41962D98F007E83B0 /* Build configuration list for PBXNativeTarget "ILSC-Brisbane" */;
			buildPhases = (
				9C2863DC55C2DCCE12DC03D4 /* Check Pods Manifest.lock */,
				A2B1E67E1962D98E007E83B0 /* Sources */,
				A2B1E67F1962D98E007E83B0 /* Frameworks */,
				A2B1E6801962D98E007E83B0 /* Resources */,
				E75C126956D90BA42CB1DC48 /* Copy Pods Resources */,
			);
			buildRules = (
			);
			dependencies = (
			);
			name = "ILSC-Brisbane";
			productName = "ILSC-Brisbane";
			productReference = A2B1E6821962D98E007E83B0 /* ILSC-Brisbane.app */;
			productType = "com.apple.product-type.application";
		};
		A2B1E6A21962D98E007E83B0 /* ILSC-BrisbaneTests */ = {
			isa = PBXNativeTarget;
			buildConfigurationList = A2B1E6B71962D98F007E83B0 /* Build configuration list for PBXNativeTarget "ILSC-BrisbaneTests" */;
			buildPhases = (
				A2B1E69F1962D98E007E83B0 /* Sources */,
				A2B1E6A01962D98E007E83B0 /* Frameworks */,
				A2B1E6A11962D98E007E83B0 /* Resources */,
			);
			buildRules = (
			);
			dependencies = (
				A2B1E6A91962D98E007E83B0 /* PBXTargetDependency */,
			);
			name = "ILSC-BrisbaneTests";
			productName = "ILSC-BrisbaneTests";
			productReference = A2B1E6A31962D98E007E83B0 /* ILSC-BrisbaneTests.xctest */;
			productType = "com.apple.product-type.bundle.unit-test";
		};
/* End PBXNativeTarget section */

/* Begin PBXProject section */
		A2B1E67A1962D98E007E83B0 /* Project object */ = {
			isa = PBXProject;
			attributes = {
				LastUpgradeCheck = 0510;
				ORGANIZATIONNAME = marstudio;
				TargetAttributes = {
					A2B1E6811962D98E007E83B0 = {
						DevelopmentTeam = 9PRFX23G7R;
					};
					A2B1E6A21962D98E007E83B0 = {
						TestTargetID = A2B1E6811962D98E007E83B0;
					};
				};
			};
			buildConfigurationList = A2B1E67D1962D98E007E83B0 /* Build configuration list for PBXProject "ILSC-Brisbane" */;
			compatibilityVersion = "Xcode 3.2";
			developmentRegion = English;
			hasScannedForEncodings = 0;
			knownRegions = (
				en,
				Base,
			);
			mainGroup = A2B1E6791962D98E007E83B0;
			productRefGroup = A2B1E6831962D98E007E83B0 /* Products */;
			projectDirPath = "";
			projectRoot = "";
			targets = (
				A2B1E6811962D98E007E83B0 /* ILSC-Brisbane */,
				A2B1E6A21962D98E007E83B0 /* ILSC-BrisbaneTests */,
			);
		};
/* End PBXProject section */

/* Begin PBXResourcesBuildPhase section */
		A2B1E6801962D98E007E83B0 /* Resources */ = {
			isa = PBXResourcesBuildPhase;
			buildActionMask = 2147483647;
			files = (
				A2ADA7501976116B008DC3F7 /* ILSC-Brisbane-Official-Info.plist in Resources */,
				A2B1E69E1962D98E007E83B0 /* Images.xcassets in Resources */,
				A2B1E6901962D98E007E83B0 /* InfoPlist.strings in Resources */,
				A232F1C01A275EFD00401DA1 /* Brisbane Schedule for Session 12 2014.pdf in Resources */,
				A2B1E6991962D98E007E83B0 /* Main.storyboard in Resources */,
			);
			runOnlyForDeploymentPostprocessing = 0;
		};
		A2B1E6A11962D98E007E83B0 /* Resources */ = {
			isa = PBXResourcesBuildPhase;
			buildActionMask = 2147483647;
			files = (
				A2B1E6AF1962D98F007E83B0 /* InfoPlist.strings in Resources */,
			);
			runOnlyForDeploymentPostprocessing = 0;
		};
/* End PBXResourcesBuildPhase section */

/* Begin PBXShellScriptBuildPhase section */
		9C2863DC55C2DCCE12DC03D4 /* Check Pods Manifest.lock */ = {
			isa = PBXShellScriptBuildPhase;
			buildActionMask = 2147483647;
			files = (
			);
			inputPaths = (
			);
			name = "Check Pods Manifest.lock";
			outputPaths = (
			);
			runOnlyForDeploymentPostprocessing = 0;
			shellPath = /bin/sh;
			shellScript = "diff \"${PODS_ROOT}/../Podfile.lock\" \"${PODS_ROOT}/Manifest.lock\" > /dev/null\nif [[ $? != 0 ]] ; then\n    cat << EOM\nerror: The sandbox is not in sync with the Podfile.lock. Run 'pod install' or update your CocoaPods installation.\nEOM\n    exit 1\nfi\n";
			showEnvVarsInLog = 0;
		};
		E75C126956D90BA42CB1DC48 /* Copy Pods Resources */ = {
			isa = PBXShellScriptBuildPhase;
			buildActionMask = 2147483647;
			files = (
			);
			inputPaths = (
			);
			name = "Copy Pods Resources";
			outputPaths = (
			);
			runOnlyForDeploymentPostprocessing = 0;
			shellPath = /bin/sh;
			shellScript = "\"${SRCROOT}/Pods/Target Support Files/Pods-ILSC-Brisbane/Pods-ILSC-Brisbane-resources.sh\"\n";
			showEnvVarsInLog = 0;
		};
/* End PBXShellScriptBuildPhase section */

/* Begin PBXSourcesBuildPhase section */
		A2B1E67E1962D98E007E83B0 /* Sources */ = {
			isa = PBXSourcesBuildPhase;
			buildActionMask = 2147483647;
			files = (
				A25D997D1A8B70DC00BA01CE /* UsefulLinkCategoryTableViewController.m in Sources */,
				A29E83B319EF917B007E4CF0 /* InformationTableViewController.m in Sources */,
				A22B968A19ADCDF600D3BDC4 /* ActivitiCalendarViewController.m in Sources */,
				A23F3D0F1A203BF7001744E7 /* SectionAgentFactory.m in Sources */,
				A22B968D19AE147E00D3BDC4 /* AcademicCalendarViewController.m in Sources */,
				A22CFB421A3CF9120011FE86 /* ActivityBookingAgent.m in Sources */,
				A2ADA74E19760BFC008DC3F7 /* PropertyListReader.m in Sources */,
				A2B1E69C1962D98E007E83B0 /* MenuViewController.m in Sources */,
				A27FE40E1A2DE7F00068A31B /* UsefulLinkItemTableViewController.m in Sources */,
				A25D99711A8B3DCC00BA01CE /* SidebarViewController.m in Sources */,
				A25D99771A8B5E3700BA01CE /* WhatsOnTableViewController.m in Sources */,
				A25D99741A8B598E00BA01CE /* NewsTableViewController.m in Sources */,
				A232F1D21A2B0BC700401DA1 /* ContactUsTableViewController.m in Sources */,
				A25D997A1A8B61F400BA01CE /* BasicInforTableViewController.m in Sources */,
				A2B1E6961962D98E007E83B0 /* AppDelegate.m in Sources */,
				A2B1E6921962D98E007E83B0 /* main.m in Sources */,
				A22059CC1A34875E00E8058C /* SecurityInformationAgent.m in Sources */,
				A2B1E6BF1962ED4F007E83B0 /* MapViewController.m in Sources */,
			);
			runOnlyForDeploymentPostprocessing = 0;
		};
		A2B1E69F1962D98E007E83B0 /* Sources */ = {
			isa = PBXSourcesBuildPhase;
			buildActionMask = 2147483647;
			files = (
				A2B1E6B11962D98F007E83B0 /* ILSC_BrisbaneTests.m in Sources */,
			);
			runOnlyForDeploymentPostprocessing = 0;
		};
/* End PBXSourcesBuildPhase section */

/* Begin PBXTargetDependency section */
		A2B1E6A91962D98E007E83B0 /* PBXTargetDependency */ = {
			isa = PBXTargetDependency;
			target = A2B1E6811962D98E007E83B0 /* ILSC-Brisbane */;
			targetProxy = A2B1E6A81962D98E007E83B0 /* PBXContainerItemProxy */;
		};
/* End PBXTargetDependency section */

/* Begin PBXVariantGroup section */
		A2B1E68E1962D98E007E83B0 /* InfoPlist.strings */ = {
			isa = PBXVariantGroup;
			children = (
				A2B1E68F1962D98E007E83B0 /* en */,
			);
			name = InfoPlist.strings;
			sourceTree = "<group>";
		};
		A2B1E6971962D98E007E83B0 /* Main.storyboard */ = {
			isa = PBXVariantGroup;
			children = (
				A2B1E6981962D98E007E83B0 /* Base */,
			);
			name = Main.storyboard;
			sourceTree = "<group>";
		};
		A2B1E6AD1962D98F007E83B0 /* InfoPlist.strings */ = {
			isa = PBXVariantGroup;
			children = (
				A2B1E6AE1962D98F007E83B0 /* en */,
			);
			name = InfoPlist.strings;
			sourceTree = "<group>";
		};
/* End PBXVariantGroup section */

/* Begin XCBuildConfiguration section */
		A2B1E6B21962D98F007E83B0 /* Debug */ = {
			isa = XCBuildConfiguration;
			buildSettings = {
				ALWAYS_SEARCH_USER_PATHS = NO;
				CLANG_CXX_LANGUAGE_STANDARD = "gnu++0x";
				CLANG_CXX_LIBRARY = "libc++";
				CLANG_ENABLE_MODULES = YES;
				CLANG_ENABLE_OBJC_ARC = YES;
				CLANG_WARN_BOOL_CONVERSION = YES;
				CLANG_WARN_CONSTANT_CONVERSION = YES;
				CLANG_WARN_DIRECT_OBJC_ISA_USAGE = YES_ERROR;
				CLANG_WARN_EMPTY_BODY = YES;
				CLANG_WARN_ENUM_CONVERSION = YES;
				CLANG_WARN_INT_CONVERSION = YES;
				CLANG_WARN_OBJC_ROOT_CLASS = YES_ERROR;
				CLANG_WARN__DUPLICATE_METHOD_MATCH = YES;
				"CODE_SIGN_IDENTITY[sdk=iphoneos*]" = "iPhone Developer";
				COPY_PHASE_STRIP = NO;
				GCC_C_LANGUAGE_STANDARD = gnu99;
				GCC_DYNAMIC_NO_PIC = NO;
				GCC_OPTIMIZATION_LEVEL = 0;
				GCC_PREPROCESSOR_DEFINITIONS = (
					"DEBUG=1",
					"$(inherited)",
				);
				GCC_SYMBOLS_PRIVATE_EXTERN = NO;
				GCC_WARN_64_TO_32_BIT_CONVERSION = YES;
				GCC_WARN_ABOUT_RETURN_TYPE = YES_ERROR;
				GCC_WARN_UNDECLARED_SELECTOR = YES;
				GCC_WARN_UNINITIALIZED_AUTOS = YES_AGGRESSIVE;
				GCC_WARN_UNUSED_FUNCTION = YES;
				GCC_WARN_UNUSED_VARIABLE = YES;
				IPHONEOS_DEPLOYMENT_TARGET = 7.1;
				ONLY_ACTIVE_ARCH = YES;
				SDKROOT = iphoneos;
			};
			name = Debug;
		};
		A2B1E6B31962D98F007E83B0 /* Release */ = {
			isa = XCBuildConfiguration;
			buildSettings = {
				ALWAYS_SEARCH_USER_PATHS = NO;
				CLANG_CXX_LANGUAGE_STANDARD = "gnu++0x";
				CLANG_CXX_LIBRARY = "libc++";
				CLANG_ENABLE_MODULES = YES;
				CLANG_ENABLE_OBJC_ARC = YES;
				CLANG_WARN_BOOL_CONVERSION = YES;
				CLANG_WARN_CONSTANT_CONVERSION = YES;
				CLANG_WARN_DIRECT_OBJC_ISA_USAGE = YES_ERROR;
				CLANG_WARN_EMPTY_BODY = YES;
				CLANG_WARN_ENUM_CONVERSION = YES;
				CLANG_WARN_INT_CONVERSION = YES;
				CLANG_WARN_OBJC_ROOT_CLASS = YES_ERROR;
				CLANG_WARN__DUPLICATE_METHOD_MATCH = YES;
				"CODE_SIGN_IDENTITY[sdk=iphoneos*]" = "iPhone Developer";
				COPY_PHASE_STRIP = YES;
				ENABLE_NS_ASSERTIONS = NO;
				GCC_C_LANGUAGE_STANDARD = gnu99;
				GCC_WARN_64_TO_32_BIT_CONVERSION = YES;
				GCC_WARN_ABOUT_RETURN_TYPE = YES_ERROR;
				GCC_WARN_UNDECLARED_SELECTOR = YES;
				GCC_WARN_UNINITIALIZED_AUTOS = YES_AGGRESSIVE;
				GCC_WARN_UNUSED_FUNCTION = YES;
				GCC_WARN_UNUSED_VARIABLE = YES;
				IPHONEOS_DEPLOYMENT_TARGET = 7.1;
				SDKROOT = iphoneos;
				VALIDATE_PRODUCT = YES;
			};
			name = Release;
		};
		A2B1E6B51962D98F007E83B0 /* Debug */ = {
			isa = XCBuildConfiguration;
			baseConfigurationReference = 4E55CE255AA43F41E165A7FF /* Pods-ILSC-Brisbane.debug.xcconfig */;
			buildSettings = {
				ASSETCATALOG_COMPILER_APPICON_NAME = AppIcon;
				ASSETCATALOG_COMPILER_LAUNCHIMAGE_NAME = LaunchImage;
				CODE_SIGN_IDENTITY = "iPhone Developer";
				"CODE_SIGN_IDENTITY[sdk=iphoneos*]" = "iPhone Developer";
				FRAMEWORK_SEARCH_PATHS = (
					"$(inherited)",
					"$(PROJECT_DIR)",
				);
				GCC_PRECOMPILE_PREFIX_HEADER = YES;
				GCC_PREFIX_HEADER = "ILSC-Brisbane/ILSC-Brisbane-Prefix.pch";
				INFOPLIST_FILE = "ILSC-Brisbane/ILSC-Brisbane-Info.plist";
				PRODUCT_NAME = "$(TARGET_NAME)";
				PROVISIONING_PROFILE = "";
				TARGETED_DEVICE_FAMILY = 1;
				WRAPPER_EXTENSION = app;
			};
			name = Debug;
		};
		A2B1E6B61962D98F007E83B0 /* Release */ = {
			isa = XCBuildConfiguration;
			baseConfigurationReference = 1499562A24F20D250EEB2EC2 /* Pods-ILSC-Brisbane.release.xcconfig */;
			buildSettings = {
				ASSETCATALOG_COMPILER_APPICON_NAME = AppIcon;
				ASSETCATALOG_COMPILER_LAUNCHIMAGE_NAME = LaunchImage;
				CODE_SIGN_IDENTITY = "iPhone Developer";
				"CODE_SIGN_IDENTITY[sdk=iphoneos*]" = "iPhone Developer";
				FRAMEWORK_SEARCH_PATHS = (
					"$(inherited)",
					"$(PROJECT_DIR)",
				);
				GCC_PRECOMPILE_PREFIX_HEADER = YES;
				GCC_PREFIX_HEADER = "ILSC-Brisbane/ILSC-Brisbane-Prefix.pch";
				INFOPLIST_FILE = "ILSC-Brisbane/ILSC-Brisbane-Info.plist";
				PRODUCT_NAME = "$(TARGET_NAME)";
				PROVISIONING_PROFILE = "";
				TARGETED_DEVICE_FAMILY = 1;
				WRAPPER_EXTENSION = app;
			};
			name = Release;
		};
		A2B1E6B81962D98F007E83B0 /* Debug */ = {
			isa = XCBuildConfiguration;
			buildSettings = {
				BUNDLE_LOADER = "$(BUILT_PRODUCTS_DIR)/ILSC-Brisbane.app/ILSC-Brisbane";
				FRAMEWORK_SEARCH_PATHS = (
					"$(SDKROOT)/Developer/Library/Frameworks",
					"$(inherited)",
					"$(DEVELOPER_FRAMEWORKS_DIR)",
				);
				GCC_PRECOMPILE_PREFIX_HEADER = YES;
				GCC_PREFIX_HEADER = "ILSC-Brisbane/ILSC-Brisbane-Prefix.pch";
				GCC_PREPROCESSOR_DEFINITIONS = (
					"DEBUG=1",
					"$(inherited)",
				);
				INFOPLIST_FILE = "ILSC-BrisbaneTests/ILSC-BrisbaneTests-Info.plist";
				PRODUCT_NAME = "$(TARGET_NAME)";
				TEST_HOST = "$(BUNDLE_LOADER)";
				WRAPPER_EXTENSION = xctest;
			};
			name = Debug;
		};
		A2B1E6B91962D98F007E83B0 /* Release */ = {
			isa = XCBuildConfiguration;
			buildSettings = {
				BUNDLE_LOADER = "$(BUILT_PRODUCTS_DIR)/ILSC-Brisbane.app/ILSC-Brisbane";
				FRAMEWORK_SEARCH_PATHS = (
					"$(SDKROOT)/Developer/Library/Frameworks",
					"$(inherited)",
					"$(DEVELOPER_FRAMEWORKS_DIR)",
				);
				GCC_PRECOMPILE_PREFIX_HEADER = YES;
				GCC_PREFIX_HEADER = "ILSC-Brisbane/ILSC-Brisbane-Prefix.pch";
				INFOPLIST_FILE = "ILSC-BrisbaneTests/ILSC-BrisbaneTests-Info.plist";
				PRODUCT_NAME = "$(TARGET_NAME)";
				TEST_HOST = "$(BUNDLE_LOADER)";
				WRAPPER_EXTENSION = xctest;
			};
			name = Release;
		};
/* End XCBuildConfiguration section */

/* Begin XCConfigurationList section */
		A2B1E67D1962D98E007E83B0 /* Build configuration list for PBXProject "ILSC-Brisbane" */ = {
			isa = XCConfigurationList;
			buildConfigurations = (
				A2B1E6B21962D98F007E83B0 /* Debug */,
				A2B1E6B31962D98F007E83B0 /* Release */,
			);
			defaultConfigurationIsVisible = 0;
			defaultConfigurationName = Release;
		};
		A2B1E6B41962D98F007E83B0 /* Build configuration list for PBXNativeTarget "ILSC-Brisbane" */ = {
			isa = XCConfigurationList;
			buildConfigurations = (
				A2B1E6B51962D98F007E83B0 /* Debug */,
				A2B1E6B61962D98F007E83B0 /* Release */,
			);
			defaultConfigurationIsVisible = 0;
			defaultConfigurationName = Release;
		};
		A2B1E6B71962D98F007E83B0 /* Build configuration list for PBXNativeTarget "ILSC-BrisbaneTests" */ = {
			isa = XCConfigurationList;
			buildConfigurations = (
				A2B1E6B81962D98F007E83B0 /* Debug */,
				A2B1E6B91962D98F007E83B0 /* Release */,
			);
			defaultConfigurationIsVisible = 0;
			defaultConfigurationName = Release;
		};
/* End XCConfigurationList section */
	};
	rootObject = A2B1E67A1962D98E007E83B0 /* Project object */;
}
