<?xml version="1.0" encoding="UTF-8"?>
<!DOCTYPE plist PUBLIC "-//Apple//DTD PLIST 1.0//EN" "http://www.apple.com/DTDs/PropertyList-1.0.dtd">
<plist version="1.0">
<dict>
	<key>archiveVersion</key>
	<string>1</string>
	<key>classes</key>
	<dict/>
	<key>objectVersion</key>
	<string>46</string>
	<key>objects</key>
	<dict>
		<key>1499562A24F20D250EEB2EC2</key>
		<dict>
			<key>includeInIndex</key>
			<string>1</string>
			<key>isa</key>
			<string>PBXFileReference</string>
			<key>lastKnownFileType</key>
			<string>text.xcconfig</string>
			<key>name</key>
			<string>Pods-ILSC-Brisbane.release.xcconfig</string>
			<key>path</key>
			<string>Pods/Target Support Files/Pods-ILSC-Brisbane/Pods-ILSC-Brisbane.release.xcconfig</string>
			<key>sourceTree</key>
			<string>&lt;group&gt;</string>
		</dict>
		<key>4E55CE255AA43F41E165A7FF</key>
		<dict>
			<key>includeInIndex</key>
			<string>1</string>
			<key>isa</key>
			<string>PBXFileReference</string>
			<key>lastKnownFileType</key>
			<string>text.xcconfig</string>
			<key>name</key>
			<string>Pods-ILSC-Brisbane.debug.xcconfig</string>
			<key>path</key>
			<string>Pods/Target Support Files/Pods-ILSC-Brisbane/Pods-ILSC-Brisbane.debug.xcconfig</string>
			<key>sourceTree</key>
			<string>&lt;group&gt;</string>
		</dict>
		<key>5A0DCAFE3BA39FE12875FCA8</key>
		<dict>
			<key>children</key>
			<array>
				<string>4E55CE255AA43F41E165A7FF</string>
				<string>1499562A24F20D250EEB2EC2</string>
			</array>
			<key>isa</key>
			<string>PBXGroup</string>
			<key>name</key>
			<string>Pods</string>
			<key>sourceTree</key>
			<string>&lt;group&gt;</string>
		</dict>
		<key>9C2863DC55C2DCCE12DC03D4</key>
		<dict>
			<key>buildActionMask</key>
			<string>2147483647</string>
			<key>files</key>
			<array/>
			<key>inputPaths</key>
			<array/>
			<key>isa</key>
			<string>PBXShellScriptBuildPhase</string>
			<key>name</key>
			<string>Check Pods Manifest.lock</string>
			<key>outputPaths</key>
			<array/>
			<key>runOnlyForDeploymentPostprocessing</key>
			<string>0</string>
			<key>shellPath</key>
			<string>/bin/sh</string>
			<key>shellScript</key>
			<string>diff "${PODS_ROOT}/../Podfile.lock" "${PODS_ROOT}/Manifest.lock" &gt; /dev/null
if [[ $? != 0 ]] ; then
    cat &lt;&lt; EOM
error: The sandbox is not in sync with the Podfile.lock. Run 'pod install' or update your CocoaPods installation.
EOM
    exit 1
fi
</string>
			<key>showEnvVarsInLog</key>
			<string>0</string>
		</dict>
		<key>A22059C41A347E6300E8058C</key>
		<dict>
			<key>fileEncoding</key>
			<string>4</string>
			<key>isa</key>
			<string>PBXFileReference</string>
			<key>lastKnownFileType</key>
			<string>sourcecode.c.h</string>
			<key>path</key>
			<string>NewsItemAgent.h</string>
			<key>sourceTree</key>
			<string>&lt;group&gt;</string>
		</dict>
		<key>A22059C51A347E6300E8058C</key>
		<dict>
			<key>fileEncoding</key>
			<string>4</string>
			<key>isa</key>
			<string>PBXFileReference</string>
			<key>lastKnownFileType</key>
			<string>sourcecode.c.objc</string>
			<key>path</key>
			<string>NewsItemAgent.m</string>
			<key>sourceTree</key>
			<string>&lt;group&gt;</string>
		</dict>
		<key>A22059C61A347E6300E8058C</key>
		<dict>
			<key>fileRef</key>
			<string>A22059C51A347E6300E8058C</string>
			<key>isa</key>
			<string>PBXBuildFile</string>
		</dict>
		<key>A22059CA1A34875E00E8058C</key>
		<dict>
			<key>fileEncoding</key>
			<string>4</string>
			<key>isa</key>
			<string>PBXFileReference</string>
			<key>lastKnownFileType</key>
			<string>sourcecode.c.h</string>
			<key>path</key>
			<string>SecurityInformationAgent.h</string>
			<key>sourceTree</key>
			<string>&lt;group&gt;</string>
		</dict>
		<key>A22059CB1A34875E00E8058C</key>
		<dict>
			<key>fileEncoding</key>
			<string>4</string>
			<key>isa</key>
			<string>PBXFileReference</string>
			<key>lastKnownFileType</key>
			<string>sourcecode.c.objc</string>
			<key>path</key>
			<string>SecurityInformationAgent.m</string>
			<key>sourceTree</key>
			<string>&lt;group&gt;</string>
		</dict>
		<key>A22059CC1A34875E00E8058C</key>
		<dict>
			<key>fileRef</key>
			<string>A22059CB1A34875E00E8058C</string>
			<key>isa</key>
			<string>PBXBuildFile</string>
		</dict>
		<key>A22B963919AD859800D3BDC4</key>
		<dict>
			<key>children</key>
			<array>
				<string>A22B963A19AD85C700D3BDC4</string>
			</array>
			<key>isa</key>
			<string>PBXGroup</string>
			<key>name</key>
			<string>ThirdParty</string>
			<key>sourceTree</key>
			<string>&lt;group&gt;</string>
		</dict>
		<key>A22B963A19AD85C700D3BDC4</key>
		<dict>
			<key>children</key>
			<array>
				<string>A22B963B19AD85C700D3BDC4</string>
				<string>A22B963C19AD85C700D3BDC4</string>
				<string>A22B965B19AD85C700D3BDC4</string>
				<string>A22B966819AD85C700D3BDC4</string>
				<string>A22B966F19AD85C700D3BDC4</string>
			</array>
			<key>isa</key>
			<string>PBXGroup</string>
			<key>name</key>
			<string>CalendarKit</string>
			<key>path</key>
			<string>MBCalendarKit/MBCalendarKit/CalendarKit</string>
			<key>sourceTree</key>
			<string>SOURCE_ROOT</string>
		</dict>
		<key>A22B963B19AD85C700D3BDC4</key>
		<dict>
			<key>fileEncoding</key>
			<string>4</string>
			<key>isa</key>
			<string>PBXFileReference</string>
			<key>lastKnownFileType</key>
			<string>sourcecode.c.h</string>
			<key>path</key>
			<string>CalendarKit.h</string>
			<key>sourceTree</key>
			<string>&lt;group&gt;</string>
		</dict>
		<key>A22B963C19AD85C700D3BDC4</key>
		<dict>
			<key>children</key>
			<array>
				<string>A22B963D19AD85C700D3BDC4</string>
				<string>A22B965319AD85C700D3BDC4</string>
			</array>
			<key>isa</key>
			<string>PBXGroup</string>
			<key>path</key>
			<string>Categories</string>
			<key>sourceTree</key>
			<string>&lt;group&gt;</string>
		</dict>
		<key>A22B963D19AD85C700D3BDC4</key>
		<dict>
			<key>children</key>
			<array>
				<string>A22B963E19AD85C700D3BDC4</string>
				<string>A22B964919AD85C700D3BDC4</string>
				<string>A22B964A19AD85C700D3BDC4</string>
				<string>A22B964F19AD85C700D3BDC4</string>
				<string>A22B965019AD85C700D3BDC4</string>
				<string>A22B965119AD85C700D3BDC4</string>
				<string>A22B965219AD85C700D3BDC4</string>
			</array>
			<key>isa</key>
			<string>PBXGroup</string>
			<key>path</key>
			<string>Foundation</string>
			<key>sourceTree</key>
			<string>&lt;group&gt;</string>
		</dict>
		<key>A22B963E19AD85C700D3BDC4</key>
		<dict>
			<key>children</key>
			<array>
				<string>A22B963F19AD85C700D3BDC4</string>
				<string>A22B964019AD85C700D3BDC4</string>
				<string>A22B964119AD85C700D3BDC4</string>
				<string>A22B964219AD85C700D3BDC4</string>
				<string>A22B964319AD85C700D3BDC4</string>
				<string>A22B964419AD85C700D3BDC4</string>
				<string>A22B964519AD85C700D3BDC4</string>
				<string>A22B964619AD85C700D3BDC4</string>
				<string>A22B964719AD85C700D3BDC4</string>
				<string>A22B964819AD85C700D3BDC4</string>
			</array>
			<key>isa</key>
			<string>PBXGroup</string>
			<key>path</key>
			<string>NSCalendar</string>
			<key>sourceTree</key>
			<string>&lt;group&gt;</string>
		</dict>
		<key>A22B963F19AD85C700D3BDC4</key>
		<dict>
			<key>fileEncoding</key>
			<string>4</string>
			<key>isa</key>
			<string>PBXFileReference</string>
			<key>lastKnownFileType</key>
			<string>sourcecode.c.h</string>
			<key>path</key>
			<string>NSCalendar+Components.h</string>
			<key>sourceTree</key>
			<string>&lt;group&gt;</string>
		</dict>
		<key>A22B964019AD85C700D3BDC4</key>
		<dict>
			<key>fileEncoding</key>
			<string>4</string>
			<key>isa</key>
			<string>PBXFileReference</string>
			<key>lastKnownFileType</key>
			<string>sourcecode.c.objc</string>
			<key>path</key>
			<string>NSCalendar+Components.m</string>
			<key>sourceTree</key>
			<string>&lt;group&gt;</string>
		</dict>
		<key>A22B964119AD85C700D3BDC4</key>
		<dict>
			<key>fileEncoding</key>
			<string>4</string>
			<key>isa</key>
			<string>PBXFileReference</string>
			<key>lastKnownFileType</key>
			<string>sourcecode.c.h</string>
			<key>path</key>
			<string>NSCalendar+DateComparison.h</string>
			<key>sourceTree</key>
			<string>&lt;group&gt;</string>
		</dict>
		<key>A22B964219AD85C700D3BDC4</key>
		<dict>
			<key>fileEncoding</key>
			<string>4</string>
			<key>isa</key>
			<string>PBXFileReference</string>
			<key>lastKnownFileType</key>
			<string>sourcecode.c.objc</string>
			<key>path</key>
			<string>NSCalendar+DateComparison.m</string>
			<key>sourceTree</key>
			<string>&lt;group&gt;</string>
		</dict>
		<key>A22B964319AD85C700D3BDC4</key>
		<dict>
			<key>fileEncoding</key>
			<string>4</string>
			<key>isa</key>
			<string>PBXFileReference</string>
			<key>lastKnownFileType</key>
			<string>sourcecode.c.h</string>
			<key>path</key>
			<string>NSCalendar+DateManipulation.h</string>
			<key>sourceTree</key>
			<string>&lt;group&gt;</string>
		</dict>
		<key>A22B964419AD85C700D3BDC4</key>
		<dict>
			<key>fileEncoding</key>
			<string>4</string>
			<key>isa</key>
			<string>PBXFileReference</string>
			<key>lastKnownFileType</key>
			<string>sourcecode.c.objc</string>
			<key>path</key>
			<string>NSCalendar+DateManipulation.m</string>
			<key>sourceTree</key>
			<string>&lt;group&gt;</string>
		</dict>
		<key>A22B964519AD85C700D3BDC4</key>
		<dict>
			<key>fileEncoding</key>
			<string>4</string>
			<key>isa</key>
			<string>PBXFileReference</string>
			<key>lastKnownFileType</key>
			<string>sourcecode.c.h</string>
			<key>path</key>
			<string>NSCalendar+Juncture.h</string>
			<key>sourceTree</key>
			<string>&lt;group&gt;</string>
		</dict>
		<key>A22B964619AD85C700D3BDC4</key>
		<dict>
			<key>fileEncoding</key>
			<string>4</string>
			<key>isa</key>
			<string>PBXFileReference</string>
			<key>lastKnownFileType</key>
			<string>sourcecode.c.objc</string>
			<key>path</key>
			<string>NSCalendar+Juncture.m</string>
			<key>sourceTree</key>
			<string>&lt;group&gt;</string>
		</dict>
		<key>A22B964719AD85C700D3BDC4</key>
		<dict>
			<key>fileEncoding</key>
			<string>4</string>
			<key>isa</key>
			<string>PBXFileReference</string>
			<key>lastKnownFileType</key>
			<string>sourcecode.c.h</string>
			<key>path</key>
			<string>NSCalendar+Ranges.h</string>
			<key>sourceTree</key>
			<string>&lt;group&gt;</string>
		</dict>
		<key>A22B964819AD85C700D3BDC4</key>
		<dict>
			<key>fileEncoding</key>
			<string>4</string>
			<key>isa</key>
			<string>PBXFileReference</string>
			<key>lastKnownFileType</key>
			<string>sourcecode.c.objc</string>
			<key>path</key>
			<string>NSCalendar+Ranges.m</string>
			<key>sourceTree</key>
			<string>&lt;group&gt;</string>
		</dict>
		<key>A22B964919AD85C700D3BDC4</key>
		<dict>
			<key>fileEncoding</key>
			<string>4</string>
			<key>isa</key>
			<string>PBXFileReference</string>
			<key>lastKnownFileType</key>
			<string>sourcecode.c.h</string>
			<key>path</key>
			<string>NSCalendarCategories.h</string>
			<key>sourceTree</key>
			<string>&lt;group&gt;</string>
		</dict>
		<key>A22B964A19AD85C700D3BDC4</key>
		<dict>
			<key>children</key>
			<array>
				<string>A22B964B19AD85C700D3BDC4</string>
				<string>A22B964C19AD85C700D3BDC4</string>
				<string>A22B964D19AD85C700D3BDC4</string>
				<string>A22B964E19AD85C700D3BDC4</string>
			</array>
			<key>isa</key>
			<string>PBXGroup</string>
			<key>path</key>
			<string>NSDate</string>
			<key>sourceTree</key>
			<string>&lt;group&gt;</string>
		</dict>
		<key>A22B964B19AD85C700D3BDC4</key>
		<dict>
			<key>fileEncoding</key>
			<string>4</string>
			<key>isa</key>
			<string>PBXFileReference</string>
			<key>lastKnownFileType</key>
			<string>sourcecode.c.h</string>
			<key>path</key>
			<string>NSDate+Components.h</string>
			<key>sourceTree</key>
			<string>&lt;group&gt;</string>
		</dict>
		<key>A22B964C19AD85C700D3BDC4</key>
		<dict>
			<key>fileEncoding</key>
			<string>4</string>
			<key>isa</key>
			<string>PBXFileReference</string>
			<key>lastKnownFileType</key>
			<string>sourcecode.c.objc</string>
			<key>path</key>
			<string>NSDate+Components.m</string>
			<key>sourceTree</key>
			<string>&lt;group&gt;</string>
		</dict>
		<key>A22B964D19AD85C700D3BDC4</key>
		<dict>
			<key>fileEncoding</key>
			<string>4</string>
			<key>isa</key>
			<string>PBXFileReference</string>
			<key>lastKnownFileType</key>
			<string>sourcecode.c.h</string>
			<key>path</key>
			<string>NSDate+Description.h</string>
			<key>sourceTree</key>
			<string>&lt;group&gt;</string>
		</dict>
		<key>A22B964E19AD85C700D3BDC4</key>
		<dict>
			<key>fileEncoding</key>
			<string>4</string>
			<key>isa</key>
			<string>PBXFileReference</string>
			<key>lastKnownFileType</key>
			<string>sourcecode.c.objc</string>
			<key>path</key>
			<string>NSDate+Description.m</string>
			<key>sourceTree</key>
			<string>&lt;group&gt;</string>
		</dict>
		<key>A22B964F19AD85C700D3BDC4</key>
		<dict>
			<key>fileEncoding</key>
			<string>4</string>
			<key>isa</key>
			<string>PBXFileReference</string>
			<key>lastKnownFileType</key>
			<string>sourcecode.c.h</string>
			<key>path</key>
			<string>NSDateComponents+AllComponents.h</string>
			<key>sourceTree</key>
			<string>&lt;group&gt;</string>
		</dict>
		<key>A22B965019AD85C700D3BDC4</key>
		<dict>
			<key>fileEncoding</key>
			<string>4</string>
			<key>isa</key>
			<string>PBXFileReference</string>
			<key>lastKnownFileType</key>
			<string>sourcecode.c.objc</string>
			<key>path</key>
			<string>NSDateComponents+AllComponents.m</string>
			<key>sourceTree</key>
			<string>&lt;group&gt;</string>
		</dict>
		<key>A22B965119AD85C700D3BDC4</key>
		<dict>
			<key>fileEncoding</key>
			<string>4</string>
			<key>isa</key>
			<string>PBXFileReference</string>
			<key>lastKnownFileType</key>
			<string>sourcecode.c.h</string>
			<key>path</key>
			<string>NSString+Color.h</string>
			<key>sourceTree</key>
			<string>&lt;group&gt;</string>
		</dict>
		<key>A22B965219AD85C700D3BDC4</key>
		<dict>
			<key>fileEncoding</key>
			<string>4</string>
			<key>isa</key>
			<string>PBXFileReference</string>
			<key>lastKnownFileType</key>
			<string>sourcecode.c.objc</string>
			<key>path</key>
			<string>NSString+Color.m</string>
			<key>sourceTree</key>
			<string>&lt;group&gt;</string>
		</dict>
		<key>A22B965319AD85C700D3BDC4</key>
		<dict>
			<key>children</key>
			<array>
				<string>A22B965419AD85C700D3BDC4</string>
				<string>A22B965519AD85C700D3BDC4</string>
				<string>A22B965619AD85C700D3BDC4</string>
			</array>
			<key>isa</key>
			<string>PBXGroup</string>
			<key>path</key>
			<string>UIKit</string>
			<key>sourceTree</key>
			<string>&lt;group&gt;</string>
		</dict>
		<key>A22B965419AD85C700D3BDC4</key>
		<dict>
			<key>fileEncoding</key>
			<string>4</string>
			<key>isa</key>
			<string>PBXFileReference</string>
			<key>lastKnownFileType</key>
			<string>sourcecode.c.h</string>
			<key>path</key>
			<string>UIColor+HexString.h</string>
			<key>sourceTree</key>
			<string>&lt;group&gt;</string>
		</dict>
		<key>A22B965519AD85C700D3BDC4</key>
		<dict>
			<key>fileEncoding</key>
			<string>4</string>
			<key>isa</key>
			<string>PBXFileReference</string>
			<key>lastKnownFileType</key>
			<string>sourcecode.c.objc</string>
			<key>path</key>
			<string>UIColor+HexString.m</string>
			<key>sourceTree</key>
			<string>&lt;group&gt;</string>
		</dict>
		<key>A22B965619AD85C700D3BDC4</key>
		<dict>
			<key>children</key>
			<array>
				<string>A22B965719AD85C700D3BDC4</string>
				<string>A22B965819AD85C700D3BDC4</string>
				<string>A22B965919AD85C700D3BDC4</string>
				<string>A22B965A19AD85C700D3BDC4</string>
			</array>
			<key>isa</key>
			<string>PBXGroup</string>
			<key>path</key>
			<string>UIView</string>
			<key>sourceTree</key>
			<string>&lt;group&gt;</string>
		</dict>
		<key>A22B965719AD85C700D3BDC4</key>
		<dict>
			<key>fileEncoding</key>
			<string>4</string>
			<key>isa</key>
			<string>PBXFileReference</string>
			<key>lastKnownFileType</key>
			<string>sourcecode.c.h</string>
			<key>path</key>
			<string>UIView+AnimatedFrame.h</string>
			<key>sourceTree</key>
			<string>&lt;group&gt;</string>
		</dict>
		<key>A22B965819AD85C700D3BDC4</key>
		<dict>
			<key>fileEncoding</key>
			<string>4</string>
			<key>isa</key>
			<string>PBXFileReference</string>
			<key>lastKnownFileType</key>
			<string>sourcecode.c.objc</string>
			<key>path</key>
			<string>UIView+AnimatedFrame.m</string>
			<key>sourceTree</key>
			<string>&lt;group&gt;</string>
		</dict>
		<key>A22B965919AD85C700D3BDC4</key>
		<dict>
			<key>fileEncoding</key>
			<string>4</string>
			<key>isa</key>
			<string>PBXFileReference</string>
			<key>lastKnownFileType</key>
			<string>sourcecode.c.h</string>
			<key>path</key>
			<string>UIView+Border.h</string>
			<key>sourceTree</key>
			<string>&lt;group&gt;</string>
		</dict>
		<key>A22B965A19AD85C700D3BDC4</key>
		<dict>
			<key>fileEncoding</key>
			<string>4</string>
			<key>isa</key>
			<string>PBXFileReference</string>
			<key>lastKnownFileType</key>
			<string>sourcecode.c.objc</string>
			<key>path</key>
			<string>UIView+Border.m</string>
			<key>sourceTree</key>
			<string>&lt;group&gt;</string>
		</dict>
		<key>A22B965B19AD85C700D3BDC4</key>
		<dict>
			<key>children</key>
			<array>
				<string>A22B965C19AD85C700D3BDC4</string>
				<string>A22B965D19AD85C700D3BDC4</string>
				<string>A22B965E19AD85C700D3BDC4</string>
				<string>A22B965F19AD85C700D3BDC4</string>
				<string>A22B966019AD85C700D3BDC4</string>
				<string>A22B966119AD85C700D3BDC4</string>
				<string>A22B966219AD85C700D3BDC4</string>
				<string>A22B966319AD85C700D3BDC4</string>
				<string>A22B966419AD85C700D3BDC4</string>
				<string>A22B966519AD85C700D3BDC4</string>
				<string>A22B966619AD85C700D3BDC4</string>
				<string>A22B966719AD85C700D3BDC4</string>
			</array>
			<key>isa</key>
			<string>PBXGroup</string>
			<key>path</key>
			<string>Core</string>
			<key>sourceTree</key>
			<string>&lt;group&gt;</string>
		</dict>
		<key>A22B965C19AD85C700D3BDC4</key>
		<dict>
			<key>fileEncoding</key>
			<string>4</string>
			<key>isa</key>
			<string>PBXFileReference</string>
			<key>lastKnownFileType</key>
			<string>sourcecode.c.h</string>
			<key>path</key>
			<string>CKCalendarCell.h</string>
			<key>sourceTree</key>
			<string>&lt;group&gt;</string>
		</dict>
		<key>A22B965D19AD85C700D3BDC4</key>
		<dict>
			<key>fileEncoding</key>
			<string>4</string>
			<key>isa</key>
			<string>PBXFileReference</string>
			<key>lastKnownFileType</key>
			<string>sourcecode.c.objc</string>
			<key>path</key>
			<string>CKCalendarCell.m</string>
			<key>sourceTree</key>
			<string>&lt;group&gt;</string>
		</dict>
		<key>A22B965E19AD85C700D3BDC4</key>
		<dict>
			<key>fileEncoding</key>
			<string>4</string>
			<key>isa</key>
			<string>PBXFileReference</string>
			<key>lastKnownFileType</key>
			<string>sourcecode.c.h</string>
			<key>path</key>
			<string>CKCalendarEvent.h</string>
			<key>sourceTree</key>
			<string>&lt;group&gt;</string>
		</dict>
		<key>A22B965F19AD85C700D3BDC4</key>
		<dict>
			<key>fileEncoding</key>
			<string>4</string>
			<key>isa</key>
			<string>PBXFileReference</string>
			<key>lastKnownFileType</key>
			<string>sourcecode.c.objc</string>
			<key>path</key>
			<string>CKCalendarEvent.m</string>
			<key>sourceTree</key>
			<string>&lt;group&gt;</string>
		</dict>
		<key>A22B966019AD85C700D3BDC4</key>
		<dict>
			<key>fileEncoding</key>
			<string>4</string>
			<key>isa</key>
			<string>PBXFileReference</string>
			<key>lastKnownFileType</key>
			<string>sourcecode.c.h</string>
			<key>path</key>
			<string>CKCalendarHeaderView.h</string>
			<key>sourceTree</key>
			<string>&lt;group&gt;</string>
		</dict>
		<key>A22B966119AD85C700D3BDC4</key>
		<dict>
			<key>fileEncoding</key>
			<string>4</string>
			<key>isa</key>
			<string>PBXFileReference</string>
			<key>lastKnownFileType</key>
			<string>sourcecode.c.objc</string>
			<key>path</key>
			<string>CKCalendarHeaderView.m</string>
			<key>sourceTree</key>
			<string>&lt;group&gt;</string>
		</dict>
		<key>A22B966219AD85C700D3BDC4</key>
		<dict>
			<key>fileEncoding</key>
			<string>4</string>
			<key>isa</key>
			<string>PBXFileReference</string>
			<key>lastKnownFileType</key>
			<string>sourcecode.c.h</string>
			<key>path</key>
			<string>CKCalendarView.h</string>
			<key>sourceTree</key>
			<string>&lt;group&gt;</string>
		</dict>
		<key>A22B966319AD85C700D3BDC4</key>
		<dict>
			<key>fileEncoding</key>
			<string>4</string>
			<key>isa</key>
			<string>PBXFileReference</string>
			<key>lastKnownFileType</key>
			<string>sourcecode.c.objc</string>
			<key>path</key>
			<string>CKCalendarView.m</string>
			<key>sourceTree</key>
			<string>&lt;group&gt;</string>
		</dict>
		<key>A22B966419AD85C700D3BDC4</key>
		<dict>
			<key>fileEncoding</key>
			<string>4</string>
			<key>isa</key>
			<string>PBXFileReference</string>
			<key>lastKnownFileType</key>
			<string>sourcecode.c.h</string>
			<key>path</key>
			<string>CKTableViewCell.h</string>
			<key>sourceTree</key>
			<string>&lt;group&gt;</string>
		</dict>
		<key>A22B966519AD85C700D3BDC4</key>
		<dict>
			<key>fileEncoding</key>
			<string>4</string>
			<key>isa</key>
			<string>PBXFileReference</string>
			<key>lastKnownFileType</key>
			<string>sourcecode.c.objc</string>
			<key>path</key>
			<string>CKTableViewCell.m</string>
			<key>sourceTree</key>
			<string>&lt;group&gt;</string>
		</dict>
		<key>A22B966619AD85C700D3BDC4</key>
		<dict>
			<key>fileEncoding</key>
			<string>4</string>
			<key>isa</key>
			<string>PBXFileReference</string>
			<key>lastKnownFileType</key>
			<string>sourcecode.c.h</string>
			<key>path</key>
			<string>MBPolygonView.h</string>
			<key>sourceTree</key>
			<string>&lt;group&gt;</string>
		</dict>
		<key>A22B966719AD85C700D3BDC4</key>
		<dict>
			<key>fileEncoding</key>
			<string>4</string>
			<key>isa</key>
			<string>PBXFileReference</string>
			<key>lastKnownFileType</key>
			<string>sourcecode.c.objc</string>
			<key>path</key>
			<string>MBPolygonView.m</string>
			<key>sourceTree</key>
			<string>&lt;group&gt;</string>
		</dict>
		<key>A22B966819AD85C700D3BDC4</key>
		<dict>
			<key>children</key>
			<array>
				<string>A22B966919AD85C700D3BDC4</string>
				<string>A22B966A19AD85C700D3BDC4</string>
				<string>A22B966B19AD85C700D3BDC4</string>
				<string>A22B966C19AD85C700D3BDC4</string>
				<string>A22B966D19AD85C700D3BDC4</string>
				<string>A22B966E19AD85C700D3BDC4</string>
			</array>
			<key>isa</key>
			<string>PBXGroup</string>
			<key>path</key>
			<string>Headers</string>
			<key>sourceTree</key>
			<string>&lt;group&gt;</string>
		</dict>
		<key>A22B966919AD85C700D3BDC4</key>
		<dict>
			<key>fileEncoding</key>
			<string>4</string>
			<key>isa</key>
			<string>PBXFileReference</string>
			<key>lastKnownFileType</key>
			<string>sourcecode.c.h</string>
			<key>path</key>
			<string>CKCalendarCellColors.h</string>
			<key>sourceTree</key>
			<string>&lt;group&gt;</string>
		</dict>
		<key>A22B966A19AD85C700D3BDC4</key>
		<dict>
			<key>fileEncoding</key>
			<string>4</string>
			<key>isa</key>
			<string>PBXFileReference</string>
			<key>lastKnownFileType</key>
			<string>sourcecode.c.h</string>
			<key>path</key>
			<string>CKCalendarDataSource.h</string>
			<key>sourceTree</key>
			<string>&lt;group&gt;</string>
		</dict>
		<key>A22B966B19AD85C700D3BDC4</key>
		<dict>
			<key>fileEncoding</key>
			<string>4</string>
			<key>isa</key>
			<string>PBXFileReference</string>
			<key>lastKnownFileType</key>
			<string>sourcecode.c.h</string>
			<key>path</key>
			<string>CKCalendarDelegate.h</string>
			<key>sourceTree</key>
			<string>&lt;group&gt;</string>
		</dict>
		<key>A22B966C19AD85C700D3BDC4</key>
		<dict>
			<key>fileEncoding</key>
			<string>4</string>
			<key>isa</key>
			<string>PBXFileReference</string>
			<key>lastKnownFileType</key>
			<string>sourcecode.c.h</string>
			<key>path</key>
			<string>CKCalendarHeaderColors.h</string>
			<key>sourceTree</key>
			<string>&lt;group&gt;</string>
		</dict>
		<key>A22B966D19AD85C700D3BDC4</key>
		<dict>
			<key>fileEncoding</key>
			<string>4</string>
			<key>isa</key>
			<string>PBXFileReference</string>
			<key>lastKnownFileType</key>
			<string>sourcecode.c.h</string>
			<key>path</key>
			<string>CKCalendarMonthCellStates.h</string>
			<key>sourceTree</key>
			<string>&lt;group&gt;</string>
		</dict>
		<key>A22B966E19AD85C700D3BDC4</key>
		<dict>
			<key>fileEncoding</key>
			<string>4</string>
			<key>isa</key>
			<string>PBXFileReference</string>
			<key>lastKnownFileType</key>
			<string>sourcecode.c.h</string>
			<key>path</key>
			<string>CKCalendarViewModes.h</string>
			<key>sourceTree</key>
			<string>&lt;group&gt;</string>
		</dict>
		<key>A22B966F19AD85C700D3BDC4</key>
		<dict>
			<key>children</key>
			<array>
				<string>A22B967019AD85C700D3BDC4</string>
				<string>A22B967119AD85C700D3BDC4</string>
				<string>A22B967219AD85C700D3BDC4</string>
				<string>A22B967319AD85C700D3BDC4</string>
			</array>
			<key>isa</key>
			<string>PBXGroup</string>
			<key>path</key>
			<string>View Controllers</string>
			<key>sourceTree</key>
			<string>&lt;group&gt;</string>
		</dict>
		<key>A22B967019AD85C700D3BDC4</key>
		<dict>
			<key>fileEncoding</key>
			<string>4</string>
			<key>isa</key>
			<string>PBXFileReference</string>
			<key>lastKnownFileType</key>
			<string>sourcecode.c.h</string>
			<key>path</key>
			<string>CKCalendarViewController.h</string>
			<key>sourceTree</key>
			<string>&lt;group&gt;</string>
		</dict>
		<key>A22B967119AD85C700D3BDC4</key>
		<dict>
			<key>fileEncoding</key>
			<string>4</string>
			<key>isa</key>
			<string>PBXFileReference</string>
			<key>lastKnownFileType</key>
			<string>sourcecode.c.objc</string>
			<key>path</key>
			<string>CKCalendarViewController.m</string>
			<key>sourceTree</key>
			<string>&lt;group&gt;</string>
		</dict>
		<key>A22B967219AD85C700D3BDC4</key>
		<dict>
			<key>fileEncoding</key>
			<string>4</string>
			<key>isa</key>
			<string>PBXFileReference</string>
			<key>lastKnownFileType</key>
			<string>sourcecode.c.h</string>
			<key>path</key>
			<string>CKCalendarViewControllerInternal.h</string>
			<key>sourceTree</key>
			<string>&lt;group&gt;</string>
		</dict>
		<key>A22B967319AD85C700D3BDC4</key>
		<dict>
			<key>fileEncoding</key>
			<string>4</string>
			<key>isa</key>
			<string>PBXFileReference</string>
			<key>lastKnownFileType</key>
			<string>sourcecode.c.objc</string>
			<key>path</key>
			<string>CKCalendarViewControllerInternal.m</string>
			<key>sourceTree</key>
			<string>&lt;group&gt;</string>
		</dict>
		<key>A22B967419AD85C700D3BDC4</key>
		<dict>
			<key>fileRef</key>
			<string>A22B964019AD85C700D3BDC4</string>
			<key>isa</key>
			<string>PBXBuildFile</string>
		</dict>
		<key>A22B967519AD85C700D3BDC4</key>
		<dict>
			<key>fileRef</key>
			<string>A22B964219AD85C700D3BDC4</string>
			<key>isa</key>
			<string>PBXBuildFile</string>
		</dict>
		<key>A22B967619AD85C700D3BDC4</key>
		<dict>
			<key>fileRef</key>
			<string>A22B964419AD85C700D3BDC4</string>
			<key>isa</key>
			<string>PBXBuildFile</string>
		</dict>
		<key>A22B967719AD85C700D3BDC4</key>
		<dict>
			<key>fileRef</key>
			<string>A22B964619AD85C700D3BDC4</string>
			<key>isa</key>
			<string>PBXBuildFile</string>
		</dict>
		<key>A22B967819AD85C700D3BDC4</key>
		<dict>
			<key>fileRef</key>
			<string>A22B964819AD85C700D3BDC4</string>
			<key>isa</key>
			<string>PBXBuildFile</string>
		</dict>
		<key>A22B967919AD85C700D3BDC4</key>
		<dict>
			<key>fileRef</key>
			<string>A22B964C19AD85C700D3BDC4</string>
			<key>isa</key>
			<string>PBXBuildFile</string>
		</dict>
		<key>A22B967A19AD85C700D3BDC4</key>
		<dict>
			<key>fileRef</key>
			<string>A22B964E19AD85C700D3BDC4</string>
			<key>isa</key>
			<string>PBXBuildFile</string>
		</dict>
		<key>A22B967B19AD85C700D3BDC4</key>
		<dict>
			<key>fileRef</key>
			<string>A22B965019AD85C700D3BDC4</string>
			<key>isa</key>
			<string>PBXBuildFile</string>
		</dict>
		<key>A22B967C19AD85C700D3BDC4</key>
		<dict>
			<key>fileRef</key>
			<string>A22B965219AD85C700D3BDC4</string>
			<key>isa</key>
			<string>PBXBuildFile</string>
		</dict>
		<key>A22B967D19AD85C700D3BDC4</key>
		<dict>
			<key>fileRef</key>
			<string>A22B965519AD85C700D3BDC4</string>
			<key>isa</key>
			<string>PBXBuildFile</string>
		</dict>
		<key>A22B967E19AD85C700D3BDC4</key>
		<dict>
			<key>fileRef</key>
			<string>A22B965819AD85C700D3BDC4</string>
			<key>isa</key>
			<string>PBXBuildFile</string>
		</dict>
		<key>A22B967F19AD85C700D3BDC4</key>
		<dict>
			<key>fileRef</key>
			<string>A22B965A19AD85C700D3BDC4</string>
			<key>isa</key>
			<string>PBXBuildFile</string>
		</dict>
		<key>A22B968019AD85C700D3BDC4</key>
		<dict>
			<key>fileRef</key>
			<string>A22B965D19AD85C700D3BDC4</string>
			<key>isa</key>
			<string>PBXBuildFile</string>
		</dict>
		<key>A22B968119AD85C700D3BDC4</key>
		<dict>
			<key>fileRef</key>
			<string>A22B965F19AD85C700D3BDC4</string>
			<key>isa</key>
			<string>PBXBuildFile</string>
		</dict>
		<key>A22B968219AD85C700D3BDC4</key>
		<dict>
			<key>fileRef</key>
			<string>A22B966119AD85C700D3BDC4</string>
			<key>isa</key>
			<string>PBXBuildFile</string>
		</dict>
		<key>A22B968319AD85C700D3BDC4</key>
		<dict>
			<key>fileRef</key>
			<string>A22B966319AD85C700D3BDC4</string>
			<key>isa</key>
			<string>PBXBuildFile</string>
		</dict>
		<key>A22B968419AD85C700D3BDC4</key>
		<dict>
			<key>fileRef</key>
			<string>A22B966519AD85C700D3BDC4</string>
			<key>isa</key>
			<string>PBXBuildFile</string>
		</dict>
		<key>A22B968519AD85C700D3BDC4</key>
		<dict>
			<key>fileRef</key>
			<string>A22B966719AD85C700D3BDC4</string>
			<key>isa</key>
			<string>PBXBuildFile</string>
		</dict>
		<key>A22B968619AD85C700D3BDC4</key>
		<dict>
			<key>fileRef</key>
			<string>A22B967119AD85C700D3BDC4</string>
			<key>isa</key>
			<string>PBXBuildFile</string>
		</dict>
		<key>A22B968719AD85C700D3BDC4</key>
		<dict>
			<key>fileRef</key>
			<string>A22B967319AD85C700D3BDC4</string>
			<key>isa</key>
			<string>PBXBuildFile</string>
		</dict>
		<key>A22B968819ADCDF600D3BDC4</key>
		<dict>
			<key>fileEncoding</key>
			<string>4</string>
			<key>isa</key>
			<string>PBXFileReference</string>
			<key>lastKnownFileType</key>
			<string>sourcecode.c.h</string>
			<key>path</key>
			<string>ActivitiCalendarViewController.h</string>
			<key>sourceTree</key>
			<string>&lt;group&gt;</string>
		</dict>
		<key>A22B968919ADCDF600D3BDC4</key>
		<dict>
			<key>fileEncoding</key>
			<string>4</string>
			<key>isa</key>
			<string>PBXFileReference</string>
			<key>lastKnownFileType</key>
			<string>sourcecode.c.objc</string>
			<key>path</key>
			<string>ActivitiCalendarViewController.m</string>
			<key>sourceTree</key>
			<string>&lt;group&gt;</string>
		</dict>
		<key>A22B968A19ADCDF600D3BDC4</key>
		<dict>
			<key>fileRef</key>
			<string>A22B968919ADCDF600D3BDC4</string>
			<key>isa</key>
			<string>PBXBuildFile</string>
		</dict>
		<key>A22B968B19AE147D00D3BDC4</key>
		<dict>
			<key>fileEncoding</key>
			<string>4</string>
			<key>isa</key>
			<string>PBXFileReference</string>
			<key>lastKnownFileType</key>
			<string>sourcecode.c.h</string>
			<key>path</key>
			<string>AcademicCalendarViewController.h</string>
			<key>sourceTree</key>
			<string>&lt;group&gt;</string>
		</dict>
		<key>A22B968C19AE147D00D3BDC4</key>
		<dict>
			<key>fileEncoding</key>
			<string>4</string>
			<key>isa</key>
			<string>PBXFileReference</string>
			<key>lastKnownFileType</key>
			<string>sourcecode.c.objc</string>
			<key>path</key>
			<string>AcademicCalendarViewController.m</string>
			<key>sourceTree</key>
			<string>&lt;group&gt;</string>
		</dict>
		<key>A22B968D19AE147E00D3BDC4</key>
		<dict>
			<key>fileRef</key>
			<string>A22B968C19AE147D00D3BDC4</string>
			<key>isa</key>
			<string>PBXBuildFile</string>
		</dict>
		<key>A22CFB401A3CF9120011FE86</key>
		<dict>
			<key>fileEncoding</key>
			<string>4</string>
			<key>isa</key>
			<string>PBXFileReference</string>
			<key>lastKnownFileType</key>
			<string>sourcecode.c.h</string>
			<key>path</key>
			<string>ActivityBookingAgent.h</string>
			<key>sourceTree</key>
			<string>&lt;group&gt;</string>
		</dict>
		<key>A22CFB411A3CF9120011FE86</key>
		<dict>
			<key>fileEncoding</key>
			<string>4</string>
			<key>isa</key>
			<string>PBXFileReference</string>
			<key>lastKnownFileType</key>
			<string>sourcecode.c.objc</string>
			<key>path</key>
			<string>ActivityBookingAgent.m</string>
			<key>sourceTree</key>
			<string>&lt;group&gt;</string>
		</dict>
		<key>A22CFB421A3CF9120011FE86</key>
		<dict>
			<key>fileRef</key>
			<string>A22CFB411A3CF9120011FE86</string>
			<key>isa</key>
			<string>PBXBuildFile</string>
		</dict>
		<key>A232F1BE1A275E2300401DA1</key>
		<dict>
			<key>children</key>
			<array>
				<string>A232F1BF1A275EFD00401DA1</string>
			</array>
			<key>isa</key>
			<string>PBXGroup</string>
			<key>name</key>
			<string>PDFFile</string>
			<key>sourceTree</key>
			<string>&lt;group&gt;</string>
		</dict>
		<key>A232F1BF1A275EFD00401DA1</key>
		<dict>
			<key>isa</key>
			<string>PBXFileReference</string>
			<key>lastKnownFileType</key>
			<string>image.pdf</string>
			<key>path</key>
			<string>Brisbane Schedule for Session 12 2014.pdf</string>
			<key>sourceTree</key>
			<string>&lt;group&gt;</string>
		</dict>
		<key>A232F1C01A275EFD00401DA1</key>
		<dict>
			<key>fileRef</key>
			<string>A232F1BF1A275EFD00401DA1</string>
			<key>isa</key>
			<string>PBXBuildFile</string>
		</dict>
		<key>A232F1C11A2761B200401DA1</key>
		<dict>
			<key>isa</key>
			<string>PBXFileReference</string>
			<key>lastKnownFileType</key>
			<string>wrapper.framework</string>
			<key>name</key>
			<string>QuickLook.framework</string>
			<key>path</key>
			<string>System/Library/Frameworks/QuickLook.framework</string>
			<key>sourceTree</key>
			<string>SDKROOT</string>
		</dict>
		<key>A232F1C21A2761B200401DA1</key>
		<dict>
			<key>fileRef</key>
			<string>A232F1C11A2761B200401DA1</string>
			<key>isa</key>
			<string>PBXBuildFile</string>
		</dict>
		<key>A232F1CF1A2B0BC700401DA1</key>
		<dict>
			<key>fileEncoding</key>
			<string>4</string>
			<key>isa</key>
			<string>PBXFileReference</string>
			<key>lastKnownFileType</key>
			<string>sourcecode.c.h</string>
			<key>path</key>
			<string>ContactUsTableViewController.h</string>
			<key>sourceTree</key>
			<string>&lt;group&gt;</string>
		</dict>
		<key>A232F1D01A2B0BC700401DA1</key>
		<dict>
			<key>fileEncoding</key>
			<string>4</string>
			<key>isa</key>
			<string>PBXFileReference</string>
			<key>lastKnownFileType</key>
			<string>sourcecode.c.objc</string>
			<key>path</key>
			<string>ContactUsTableViewController.m</string>
			<key>sourceTree</key>
			<string>&lt;group&gt;</string>
		</dict>
		<key>A232F1D21A2B0BC700401DA1</key>
		<dict>
			<key>fileRef</key>
			<string>A232F1D01A2B0BC700401DA1</string>
			<key>isa</key>
			<string>PBXBuildFile</string>
		</dict>
		<key>A23F3D081A20328B001744E7</key>
		<dict>
			<key>children</key>
			<array>
				<string>A23F3D0C1A203578001744E7</string>
				<string>A23F3D0D1A203BF7001744E7</string>
				<string>A23F3D0E1A203BF7001744E7</string>
				<string>A23F3D091A2032F1001744E7</string>
				<string>A23F3D0A1A2032F1001744E7</string>
				<string>A23F3D101A204608001744E7</string>
				<string>A23F3D111A204608001744E7</string>
				<string>A27FE4091A2DD92D0068A31B</string>
				<string>A27FE40A1A2DD92D0068A31B</string>
				<string>A22059C41A347E6300E8058C</string>
				<string>A22059C51A347E6300E8058C</string>
				<string>A22059CA1A34875E00E8058C</string>
				<string>A22059CB1A34875E00E8058C</string>
				<string>A22CFB401A3CF9120011FE86</string>
				<string>A22CFB411A3CF9120011FE86</string>
			</array>
			<key>isa</key>
			<string>PBXGroup</string>
			<key>name</key>
			<string>TableViewSectionAgent</string>
			<key>sourceTree</key>
			<string>&lt;group&gt;</string>
		</dict>
		<key>A23F3D091A2032F1001744E7</key>
		<dict>
			<key>fileEncoding</key>
			<string>4</string>
			<key>isa</key>
			<string>PBXFileReference</string>
			<key>lastKnownFileType</key>
			<string>sourcecode.c.h</string>
			<key>path</key>
			<string>WhatsOnAgent.h</string>
			<key>sourceTree</key>
			<string>&lt;group&gt;</string>
		</dict>
		<key>A23F3D0A1A2032F1001744E7</key>
		<dict>
			<key>fileEncoding</key>
			<string>4</string>
			<key>isa</key>
			<string>PBXFileReference</string>
			<key>lastKnownFileType</key>
			<string>sourcecode.c.objc</string>
			<key>path</key>
			<string>WhatsOnAgent.m</string>
			<key>sourceTree</key>
			<string>&lt;group&gt;</string>
		</dict>
		<key>A23F3D0B1A2032F1001744E7</key>
		<dict>
			<key>fileRef</key>
			<string>A23F3D0A1A2032F1001744E7</string>
			<key>isa</key>
			<string>PBXBuildFile</string>
		</dict>
		<key>A23F3D0C1A203578001744E7</key>
		<dict>
			<key>fileEncoding</key>
			<string>4</string>
			<key>isa</key>
			<string>PBXFileReference</string>
			<key>lastKnownFileType</key>
			<string>sourcecode.c.h</string>
			<key>path</key>
			<string>SectionAgent.h</string>
			<key>sourceTree</key>
			<string>&lt;group&gt;</string>
		</dict>
		<key>A23F3D0D1A203BF7001744E7</key>
		<dict>
			<key>fileEncoding</key>
			<string>4</string>
			<key>isa</key>
			<string>PBXFileReference</string>
			<key>lastKnownFileType</key>
			<string>sourcecode.c.h</string>
			<key>path</key>
			<string>SectionAgentFactory.h</string>
			<key>sourceTree</key>
			<string>&lt;group&gt;</string>
		</dict>
		<key>A23F3D0E1A203BF7001744E7</key>
		<dict>
			<key>fileEncoding</key>
			<string>4</string>
			<key>isa</key>
			<string>PBXFileReference</string>
			<key>lastKnownFileType</key>
			<string>sourcecode.c.objc</string>
			<key>path</key>
			<string>SectionAgentFactory.m</string>
			<key>sourceTree</key>
			<string>&lt;group&gt;</string>
		</dict>
		<key>A23F3D0F1A203BF7001744E7</key>
		<dict>
			<key>fileRef</key>
			<string>A23F3D0E1A203BF7001744E7</string>
			<key>isa</key>
			<string>PBXBuildFile</string>
		</dict>
		<key>A23F3D101A204608001744E7</key>
		<dict>
			<key>fileEncoding</key>
			<string>4</string>
			<key>isa</key>
			<string>PBXFileReference</string>
			<key>lastKnownFileType</key>
			<string>sourcecode.c.h</string>
			<key>path</key>
			<string>BasicInformationAgent.h</string>
			<key>sourceTree</key>
			<string>&lt;group&gt;</string>
		</dict>
		<key>A23F3D111A204608001744E7</key>
		<dict>
			<key>fileEncoding</key>
			<string>4</string>
			<key>isa</key>
			<string>PBXFileReference</string>
			<key>lastKnownFileType</key>
			<string>sourcecode.c.objc</string>
			<key>path</key>
			<string>BasicInformationAgent.m</string>
			<key>sourceTree</key>
			<string>&lt;group&gt;</string>
		</dict>
		<key>A23F3D121A204608001744E7</key>
		<dict>
			<key>fileRef</key>
			<string>A23F3D111A204608001744E7</string>
			<key>isa</key>
			<string>PBXBuildFile</string>
		</dict>
		<key>A27FE4091A2DD92D0068A31B</key>
		<dict>
			<key>fileEncoding</key>
			<string>4</string>
			<key>isa</key>
			<string>PBXFileReference</string>
			<key>lastKnownFileType</key>
			<string>sourcecode.c.h</string>
			<key>path</key>
			<string>UsefulLinkAgent.h</string>
			<key>sourceTree</key>
			<string>&lt;group&gt;</string>
		</dict>
		<key>A27FE40A1A2DD92D0068A31B</key>
		<dict>
			<key>fileEncoding</key>
			<string>4</string>
			<key>isa</key>
			<string>PBXFileReference</string>
			<key>lastKnownFileType</key>
			<string>sourcecode.c.objc</string>
			<key>path</key>
			<string>UsefulLinkAgent.m</string>
			<key>sourceTree</key>
			<string>&lt;group&gt;</string>
		</dict>
		<key>A27FE40B1A2DD92D0068A31B</key>
		<dict>
			<key>fileRef</key>
			<string>A27FE40A1A2DD92D0068A31B</string>
			<key>isa</key>
			<string>PBXBuildFile</string>
		</dict>
		<key>A27FE40C1A2DE7F00068A31B</key>
		<dict>
			<key>fileEncoding</key>
			<string>4</string>
			<key>isa</key>
			<string>PBXFileReference</string>
			<key>lastKnownFileType</key>
			<string>sourcecode.c.h</string>
			<key>path</key>
			<string>UsefulLinkItemTableViewController.h</string>
			<key>sourceTree</key>
			<string>&lt;group&gt;</string>
		</dict>
		<key>A27FE40D1A2DE7F00068A31B</key>
		<dict>
			<key>fileEncoding</key>
			<string>4</string>
			<key>isa</key>
			<string>PBXFileReference</string>
			<key>lastKnownFileType</key>
			<string>sourcecode.c.objc</string>
			<key>path</key>
			<string>UsefulLinkItemTableViewController.m</string>
			<key>sourceTree</key>
			<string>&lt;group&gt;</string>
		</dict>
		<key>A27FE40E1A2DE7F00068A31B</key>
		<dict>
			<key>fileRef</key>
			<string>A27FE40D1A2DE7F00068A31B</string>
			<key>isa</key>
			<string>PBXBuildFile</string>
		</dict>
		<key>A297295D196CD7C000790428</key>
		<dict>
			<key>isa</key>
			<string>PBXFileReference</string>
			<key>lastKnownFileType</key>
			<string>wrapper.framework</string>
			<key>path</key>
			<string>Parse.framework</string>
			<key>sourceTree</key>
			<string>&lt;group&gt;</string>
		</dict>
		<key>A297295E196CD7C000790428</key>
		<dict>
			<key>fileRef</key>
			<string>A297295D196CD7C000790428</string>
			<key>isa</key>
			<string>PBXBuildFile</string>
		</dict>
		<key>A297295F196CD7FF00790428</key>
		<dict>
			<key>isa</key>
			<string>PBXFileReference</string>
			<key>lastKnownFileType</key>
			<string>wrapper.framework</string>
			<key>name</key>
			<string>AudioToolbox.framework</string>
			<key>path</key>
			<string>System/Library/Frameworks/AudioToolbox.framework</string>
			<key>sourceTree</key>
			<string>SDKROOT</string>
		</dict>
		<key>A2972960196CD7FF00790428</key>
		<dict>
			<key>fileRef</key>
			<string>A297295F196CD7FF00790428</string>
			<key>isa</key>
			<string>PBXBuildFile</string>
		</dict>
		<key>A2972961196CD80900790428</key>
		<dict>
			<key>isa</key>
			<string>PBXFileReference</string>
			<key>lastKnownFileType</key>
			<string>wrapper.framework</string>
			<key>name</key>
			<string>CFNetwork.framework</string>
			<key>path</key>
			<string>System/Library/Frameworks/CFNetwork.framework</string>
			<key>sourceTree</key>
			<string>SDKROOT</string>
		</dict>
		<key>A2972962196CD80900790428</key>
		<dict>
			<key>fileRef</key>
			<string>A2972961196CD80900790428</string>
			<key>isa</key>
			<string>PBXBuildFile</string>
		</dict>
		<key>A2972963196CD81E00790428</key>
		<dict>
			<key>isa</key>
			<string>PBXFileReference</string>
			<key>lastKnownFileType</key>
			<string>wrapper.framework</string>
			<key>name</key>
			<string>CoreLocation.framework</string>
			<key>path</key>
			<string>System/Library/Frameworks/CoreLocation.framework</string>
			<key>sourceTree</key>
			<string>SDKROOT</string>
		</dict>
		<key>A2972964196CD81E00790428</key>
		<dict>
			<key>fileRef</key>
			<string>A2972963196CD81E00790428</string>
			<key>isa</key>
			<string>PBXBuildFile</string>
		</dict>
		<key>A2972965196CD82600790428</key>
		<dict>
			<key>isa</key>
			<string>PBXFileReference</string>
			<key>lastKnownFileType</key>
			<string>compiled.mach-o.dylib</string>
			<key>name</key>
			<string>libz.dylib</string>
			<key>path</key>
			<string>usr/lib/libz.dylib</string>
			<key>sourceTree</key>
			<string>SDKROOT</string>
		</dict>
		<key>A2972966196CD82600790428</key>
		<dict>
			<key>fileRef</key>
			<string>A2972965196CD82600790428</string>
			<key>isa</key>
			<string>PBXBuildFile</string>
		</dict>
		<key>A2972967196CD82E00790428</key>
		<dict>
			<key>isa</key>
			<string>PBXFileReference</string>
			<key>lastKnownFileType</key>
			<string>wrapper.framework</string>
			<key>name</key>
			<string>MobileCoreServices.framework</string>
			<key>path</key>
			<string>System/Library/Frameworks/MobileCoreServices.framework</string>
			<key>sourceTree</key>
			<string>SDKROOT</string>
		</dict>
		<key>A2972968196CD82E00790428</key>
		<dict>
			<key>fileRef</key>
			<string>A2972967196CD82E00790428</string>
			<key>isa</key>
			<string>PBXBuildFile</string>
		</dict>
		<key>A2972969196CD83600790428</key>
		<dict>
			<key>isa</key>
			<string>PBXFileReference</string>
			<key>lastKnownFileType</key>
			<string>wrapper.framework</string>
			<key>name</key>
			<string>QuartzCore.framework</string>
			<key>path</key>
			<string>System/Library/Frameworks/QuartzCore.framework</string>
			<key>sourceTree</key>
			<string>SDKROOT</string>
		</dict>
		<key>A297296A196CD83600790428</key>
		<dict>
			<key>fileRef</key>
			<string>A2972969196CD83600790428</string>
			<key>isa</key>
			<string>PBXBuildFile</string>
		</dict>
		<key>A297296B196CD84000790428</key>
		<dict>
			<key>isa</key>
			<string>PBXFileReference</string>
			<key>lastKnownFileType</key>
			<string>wrapper.framework</string>
			<key>name</key>
			<string>Security.framework</string>
			<key>path</key>
			<string>System/Library/Frameworks/Security.framework</string>
			<key>sourceTree</key>
			<string>SDKROOT</string>
		</dict>
		<key>A297296C196CD84000790428</key>
		<dict>
			<key>fileRef</key>
			<string>A297296B196CD84000790428</string>
			<key>isa</key>
			<string>PBXBuildFile</string>
		</dict>
		<key>A297296D196CD84800790428</key>
		<dict>
			<key>isa</key>
			<string>PBXFileReference</string>
			<key>lastKnownFileType</key>
			<string>wrapper.framework</string>
			<key>name</key>
			<string>StoreKit.framework</string>
			<key>path</key>
			<string>System/Library/Frameworks/StoreKit.framework</string>
			<key>sourceTree</key>
			<string>SDKROOT</string>
		</dict>
		<key>A297296E196CD84800790428</key>
		<dict>
			<key>fileRef</key>
			<string>A297296D196CD84800790428</string>
			<key>isa</key>
			<string>PBXBuildFile</string>
		</dict>
		<key>A297296F196CD85000790428</key>
		<dict>
			<key>isa</key>
			<string>PBXFileReference</string>
			<key>lastKnownFileType</key>
			<string>wrapper.framework</string>
			<key>name</key>
			<string>SystemConfiguration.framework</string>
			<key>path</key>
			<string>System/Library/Frameworks/SystemConfiguration.framework</string>
			<key>sourceTree</key>
			<string>SDKROOT</string>
		</dict>
		<key>A2972970196CD85000790428</key>
		<dict>
			<key>fileRef</key>
			<string>A297296F196CD85000790428</string>
			<key>isa</key>
			<string>PBXBuildFile</string>
		</dict>
		<key>A29E83B119EF917B007E4CF0</key>
		<dict>
			<key>fileEncoding</key>
			<string>4</string>
			<key>isa</key>
			<string>PBXFileReference</string>
			<key>lastKnownFileType</key>
			<string>sourcecode.c.h</string>
			<key>path</key>
			<string>InformationTableViewController.h</string>
			<key>sourceTree</key>
			<string>&lt;group&gt;</string>
		</dict>
		<key>A29E83B219EF917B007E4CF0</key>
		<dict>
			<key>fileEncoding</key>
			<string>4</string>
			<key>isa</key>
			<string>PBXFileReference</string>
			<key>lastKnownFileType</key>
			<string>sourcecode.c.objc</string>
			<key>path</key>
			<string>InformationTableViewController.m</string>
			<key>sourceTree</key>
			<string>&lt;group&gt;</string>
		</dict>
		<key>A29E83B319EF917B007E4CF0</key>
		<dict>
			<key>fileRef</key>
			<string>A29E83B219EF917B007E4CF0</string>
			<key>isa</key>
			<string>PBXBuildFile</string>
		</dict>
		<key>A2ADA74B19760B9E008DC3F7</key>
		<dict>
			<key>children</key>
			<array>
				<string>A2ADA74C19760BFC008DC3F7</string>
				<string>A2ADA74D19760BFC008DC3F7</string>
			</array>
			<key>isa</key>
			<string>PBXGroup</string>
			<key>name</key>
			<string>Utility</string>
			<key>sourceTree</key>
			<string>&lt;group&gt;</string>
		</dict>
		<key>A2ADA74C19760BFC008DC3F7</key>
		<dict>
			<key>fileEncoding</key>
			<string>4</string>
			<key>isa</key>
			<string>PBXFileReference</string>
			<key>lastKnownFileType</key>
			<string>sourcecode.c.h</string>
			<key>path</key>
			<string>PropertyListReader.h</string>
			<key>sourceTree</key>
			<string>&lt;group&gt;</string>
		</dict>
		<key>A2ADA74D19760BFC008DC3F7</key>
		<dict>
			<key>fileEncoding</key>
			<string>4</string>
			<key>isa</key>
			<string>PBXFileReference</string>
			<key>lastKnownFileType</key>
			<string>sourcecode.c.objc</string>
			<key>path</key>
			<string>PropertyListReader.m</string>
			<key>sourceTree</key>
			<string>&lt;group&gt;</string>
		</dict>
		<key>A2ADA74E19760BFC008DC3F7</key>
		<dict>
			<key>fileRef</key>
			<string>A2ADA74D19760BFC008DC3F7</string>
			<key>isa</key>
			<string>PBXBuildFile</string>
		</dict>
		<key>A2ADA74F1976116B008DC3F7</key>
		<dict>
			<key>fileEncoding</key>
			<string>4</string>
			<key>isa</key>
			<string>PBXFileReference</string>
			<key>lastKnownFileType</key>
			<string>text.plist.xml</string>
			<key>path</key>
			<string>ILSC-Brisbane-Official-Info.plist</string>
			<key>sourceTree</key>
			<string>&lt;group&gt;</string>
		</dict>
		<key>A2ADA7501976116B008DC3F7</key>
		<dict>
			<key>fileRef</key>
			<string>A2ADA74F1976116B008DC3F7</string>
			<key>isa</key>
			<string>PBXBuildFile</string>
		</dict>
		<key>A2B1E6791962D98E007E83B0</key>
		<dict>
			<key>children</key>
			<array>
				<string>A2B1E68B1962D98E007E83B0</string>
				<string>A2B1E6AA1962D98E007E83B0</string>
				<string>A2B1E6841962D98E007E83B0</string>
				<string>A2B1E6831962D98E007E83B0</string>
				<string>5A0DCAFE3BA39FE12875FCA8</string>
			</array>
			<key>isa</key>
			<string>PBXGroup</string>
			<key>sourceTree</key>
			<string>&lt;group&gt;</string>
		</dict>
		<key>A2B1E67A1962D98E007E83B0</key>
		<dict>
			<key>attributes</key>
			<dict>
				<key>LastUpgradeCheck</key>
				<string>0510</string>
				<key>ORGANIZATIONNAME</key>
				<string>marstudio</string>
				<key>TargetAttributes</key>
				<dict>
					<key>A2B1E6811962D98E007E83B0</key>
					<dict>
						<key>DevelopmentTeam</key>
						<string>9PRFX23G7R</string>
					</dict>
					<key>A2B1E6A21962D98E007E83B0</key>
					<dict>
						<key>TestTargetID</key>
						<string>A2B1E6811962D98E007E83B0</string>
					</dict>
				</dict>
			</dict>
			<key>buildConfigurationList</key>
			<string>A2B1E67D1962D98E007E83B0</string>
			<key>compatibilityVersion</key>
			<string>Xcode 3.2</string>
			<key>developmentRegion</key>
			<string>English</string>
			<key>hasScannedForEncodings</key>
			<string>0</string>
			<key>isa</key>
			<string>PBXProject</string>
			<key>knownRegions</key>
			<array>
				<string>en</string>
				<string>Base</string>
			</array>
			<key>mainGroup</key>
			<string>A2B1E6791962D98E007E83B0</string>
			<key>productRefGroup</key>
			<string>A2B1E6831962D98E007E83B0</string>
			<key>projectDirPath</key>
			<string></string>
			<key>projectReferences</key>
			<array/>
			<key>projectRoot</key>
			<string></string>
			<key>targets</key>
			<array>
				<string>A2B1E6811962D98E007E83B0</string>
				<string>A2B1E6A21962D98E007E83B0</string>
			</array>
		</dict>
		<key>A2B1E67D1962D98E007E83B0</key>
		<dict>
			<key>buildConfigurations</key>
			<array>
				<string>A2B1E6B21962D98F007E83B0</string>
				<string>A2B1E6B31962D98F007E83B0</string>
			</array>
			<key>defaultConfigurationIsVisible</key>
			<string>0</string>
			<key>defaultConfigurationName</key>
			<string>Release</string>
			<key>isa</key>
			<string>XCConfigurationList</string>
		</dict>
		<key>A2B1E67E1962D98E007E83B0</key>
		<dict>
			<key>buildActionMask</key>
			<string>2147483647</string>
			<key>files</key>
			<array>
				<string>A29E83B319EF917B007E4CF0</string>
				<string>A22B968119AD85C700D3BDC4</string>
				<string>A22B967D19AD85C700D3BDC4</string>
				<string>A22B967819AD85C700D3BDC4</string>
				<string>A22B967F19AD85C700D3BDC4</string>
				<string>A22B968A19ADCDF600D3BDC4</string>
				<string>A23F3D0F1A203BF7001744E7</string>
				<string>A22B968D19AE147E00D3BDC4</string>
				<string>A22B967419AD85C700D3BDC4</string>
				<string>A22CFB421A3CF9120011FE86</string>
				<string>A22B967E19AD85C700D3BDC4</string>
				<string>A2ADA74E19760BFC008DC3F7</string>
				<string>A22B967C19AD85C700D3BDC4</string>
				<string>A22B967719AD85C700D3BDC4</string>
				<string>A22B968319AD85C700D3BDC4</string>
				<string>A22B967919AD85C700D3BDC4</string>
				<string>A22B968419AD85C700D3BDC4</string>
				<string>A22B968019AD85C700D3BDC4</string>
				<string>A22B967A19AD85C700D3BDC4</string>
				<string>A2B1E69C1962D98E007E83B0</string>
				<string>A22B967519AD85C700D3BDC4</string>
				<string>A27FE40E1A2DE7F00068A31B</string>
				<string>A22059C61A347E6300E8058C</string>
				<string>A232F1D21A2B0BC700401DA1</string>
				<string>A22B967B19AD85C700D3BDC4</string>
				<string>A27FE40B1A2DD92D0068A31B</string>
				<string>A2B1E6961962D98E007E83B0</string>
				<string>A22B967619AD85C700D3BDC4</string>
				<string>A22B968519AD85C700D3BDC4</string>
				<string>A23F3D0B1A2032F1001744E7</string>
				<string>A22B968619AD85C700D3BDC4</string>
				<string>A22B968719AD85C700D3BDC4</string>
				<string>A23F3D121A204608001744E7</string>
				<string>A22B968219AD85C700D3BDC4</string>
				<string>A2B1E6921962D98E007E83B0</string>
				<string>A22059CC1A34875E00E8058C</string>
				<string>A2B1E6BF1962ED4F007E83B0</string>
			</array>
			<key>isa</key>
			<string>PBXSourcesBuildPhase</string>
			<key>runOnlyForDeploymentPostprocessing</key>
			<string>0</string>
		</dict>
		<key>A2B1E67F1962D98E007E83B0</key>
		<dict>
			<key>buildActionMask</key>
			<string>2147483647</string>
			<key>files</key>
			<array>
				<string>A232F1C21A2761B200401DA1</string>
				<string>A297296A196CD83600790428</string>
				<string>A2972970196CD85000790428</string>
				<string>A297296E196CD84800790428</string>
				<string>A297296C196CD84000790428</string>
				<string>A2972968196CD82E00790428</string>
				<string>A2972966196CD82600790428</string>
				<string>A2972964196CD81E00790428</string>
				<string>A2B1E6881962D98E007E83B0</string>
				<string>A2972962196CD80900790428</string>
				<string>A2972960196CD7FF00790428</string>
				<string>A2B1E6BB1962E84F007E83B0</string>
				<string>A2B1E68A1962D98E007E83B0</string>
				<string>A2B1E6861962D98E007E83B0</string>
				<string>A297295E196CD7C000790428</string>
				<string>B6D1957C521A5006E0927901</string>
			</array>
			<key>isa</key>
			<string>PBXFrameworksBuildPhase</string>
			<key>runOnlyForDeploymentPostprocessing</key>
			<string>0</string>
		</dict>
		<key>A2B1E6801962D98E007E83B0</key>
		<dict>
			<key>buildActionMask</key>
			<string>2147483647</string>
			<key>files</key>
			<array>
				<string>A2ADA7501976116B008DC3F7</string>
				<string>A2B1E69E1962D98E007E83B0</string>
				<string>A2B1E6901962D98E007E83B0</string>
				<string>A232F1C01A275EFD00401DA1</string>
				<string>A2B1E6991962D98E007E83B0</string>
			</array>
			<key>isa</key>
			<string>PBXResourcesBuildPhase</string>
			<key>runOnlyForDeploymentPostprocessing</key>
			<string>0</string>
		</dict>
		<key>A2B1E6811962D98E007E83B0</key>
		<dict>
			<key>buildConfigurationList</key>
			<string>A2B1E6B41962D98F007E83B0</string>
			<key>buildPhases</key>
			<array>
				<string>9C2863DC55C2DCCE12DC03D4</string>
				<string>A2B1E67E1962D98E007E83B0</string>
				<string>A2B1E67F1962D98E007E83B0</string>
				<string>A2B1E6801962D98E007E83B0</string>
				<string>E75C126956D90BA42CB1DC48</string>
			</array>
			<key>buildRules</key>
			<array/>
			<key>dependencies</key>
			<array/>
			<key>isa</key>
			<string>PBXNativeTarget</string>
			<key>name</key>
			<string>ILSC-Brisbane</string>
			<key>productName</key>
			<string>ILSC-Brisbane</string>
			<key>productReference</key>
			<string>A2B1E6821962D98E007E83B0</string>
			<key>productType</key>
			<string>com.apple.product-type.application</string>
		</dict>
		<key>A2B1E6821962D98E007E83B0</key>
		<dict>
			<key>explicitFileType</key>
			<string>wrapper.application</string>
			<key>includeInIndex</key>
			<string>0</string>
			<key>isa</key>
			<string>PBXFileReference</string>
			<key>path</key>
			<string>ILSC-Brisbane.app</string>
			<key>sourceTree</key>
			<string>BUILT_PRODUCTS_DIR</string>
		</dict>
		<key>A2B1E6831962D98E007E83B0</key>
		<dict>
			<key>children</key>
			<array>
				<string>A2B1E6821962D98E007E83B0</string>
				<string>A2B1E6A31962D98E007E83B0</string>
			</array>
			<key>isa</key>
			<string>PBXGroup</string>
			<key>name</key>
			<string>Products</string>
			<key>sourceTree</key>
			<string>&lt;group&gt;</string>
		</dict>
		<key>A2B1E6841962D98E007E83B0</key>
		<dict>
			<key>children</key>
			<array>
				<string>A232F1C11A2761B200401DA1</string>
				<string>A297296F196CD85000790428</string>
				<string>A297296D196CD84800790428</string>
				<string>A297296B196CD84000790428</string>
				<string>A2972969196CD83600790428</string>
				<string>A2972967196CD82E00790428</string>
				<string>A2972965196CD82600790428</string>
				<string>A2972963196CD81E00790428</string>
				<string>A2972961196CD80900790428</string>
				<string>A297295F196CD7FF00790428</string>
				<string>A297295D196CD7C000790428</string>
				<string>A2B1E6BA1962E84F007E83B0</string>
				<string>A2B1E6851962D98E007E83B0</string>
				<string>A2B1E6871962D98E007E83B0</string>
				<string>A2B1E6891962D98E007E83B0</string>
				<string>A2B1E6A41962D98E007E83B0</string>
				<string>D2E78265C7AA21B0A1E48551</string>
			</array>
			<key>isa</key>
			<string>PBXGroup</string>
			<key>name</key>
			<string>Frameworks</string>
			<key>sourceTree</key>
			<string>&lt;group&gt;</string>
		</dict>
		<key>A2B1E6851962D98E007E83B0</key>
		<dict>
			<key>isa</key>
			<string>PBXFileReference</string>
			<key>lastKnownFileType</key>
			<string>wrapper.framework</string>
			<key>name</key>
			<string>Foundation.framework</string>
			<key>path</key>
			<string>System/Library/Frameworks/Foundation.framework</string>
			<key>sourceTree</key>
			<string>SDKROOT</string>
		</dict>
		<key>A2B1E6861962D98E007E83B0</key>
		<dict>
			<key>fileRef</key>
			<string>A2B1E6851962D98E007E83B0</string>
			<key>isa</key>
			<string>PBXBuildFile</string>
		</dict>
		<key>A2B1E6871962D98E007E83B0</key>
		<dict>
			<key>isa</key>
			<string>PBXFileReference</string>
			<key>lastKnownFileType</key>
			<string>wrapper.framework</string>
			<key>name</key>
			<string>CoreGraphics.framework</string>
			<key>path</key>
			<string>System/Library/Frameworks/CoreGraphics.framework</string>
			<key>sourceTree</key>
			<string>SDKROOT</string>
		</dict>
		<key>A2B1E6881962D98E007E83B0</key>
		<dict>
			<key>fileRef</key>
			<string>A2B1E6871962D98E007E83B0</string>
			<key>isa</key>
			<string>PBXBuildFile</string>
		</dict>
		<key>A2B1E6891962D98E007E83B0</key>
		<dict>
			<key>isa</key>
			<string>PBXFileReference</string>
			<key>lastKnownFileType</key>
			<string>wrapper.framework</string>
			<key>name</key>
			<string>UIKit.framework</string>
			<key>path</key>
			<string>System/Library/Frameworks/UIKit.framework</string>
			<key>sourceTree</key>
			<string>SDKROOT</string>
		</dict>
		<key>A2B1E68A1962D98E007E83B0</key>
		<dict>
			<key>fileRef</key>
			<string>A2B1E6891962D98E007E83B0</string>
			<key>isa</key>
			<string>PBXBuildFile</string>
		</dict>
		<key>A2B1E68B1962D98E007E83B0</key>
		<dict>
			<key>children</key>
			<array>
				<string>A232F1BE1A275E2300401DA1</string>
				<string>A23F3D081A20328B001744E7</string>
				<string>A22B963919AD859800D3BDC4</string>
				<string>A2ADA74B19760B9E008DC3F7</string>
				<string>A2B1E6BC1962ECA2007E83B0</string>
				<string>A2B1E6971962D98E007E83B0</string>
				<string>A2B1E68C1962D98E007E83B0</string>
			</array>
			<key>isa</key>
			<string>PBXGroup</string>
			<key>path</key>
			<string>ILSC-Brisbane</string>
			<key>sourceTree</key>
			<string>&lt;group&gt;</string>
		</dict>
		<key>A2B1E68C1962D98E007E83B0</key>
		<dict>
			<key>children</key>
			<array>
				<string>A2B1E6941962D98E007E83B0</string>
				<string>A2B1E6951962D98E007E83B0</string>
				<string>A2B1E69D1962D98E007E83B0</string>
				<string>A2B1E68D1962D98E007E83B0</string>
				<string>A2B1E68E1962D98E007E83B0</string>
				<string>A2B1E6911962D98E007E83B0</string>
				<string>A2B1E6931962D98E007E83B0</string>
				<string>A2ADA74F1976116B008DC3F7</string>
			</array>
			<key>isa</key>
			<string>PBXGroup</string>
			<key>name</key>
			<string>Supporting Files</string>
			<key>sourceTree</key>
			<string>&lt;group&gt;</string>
		</dict>
		<key>A2B1E68D1962D98E007E83B0</key>
		<dict>
			<key>isa</key>
			<string>PBXFileReference</string>
			<key>lastKnownFileType</key>
			<string>text.plist.xml</string>
			<key>path</key>
			<string>ILSC-Brisbane-Info.plist</string>
			<key>sourceTree</key>
			<string>&lt;group&gt;</string>
		</dict>
		<key>A2B1E68E1962D98E007E83B0</key>
		<dict>
			<key>children</key>
			<array>
				<string>A2B1E68F1962D98E007E83B0</string>
			</array>
			<key>isa</key>
			<string>PBXVariantGroup</string>
			<key>name</key>
			<string>InfoPlist.strings</string>
			<key>sourceTree</key>
			<string>&lt;group&gt;</string>
		</dict>
		<key>A2B1E68F1962D98E007E83B0</key>
		<dict>
			<key>isa</key>
			<string>PBXFileReference</string>
			<key>lastKnownFileType</key>
			<string>text.plist.strings</string>
			<key>name</key>
			<string>en</string>
			<key>path</key>
			<string>en.lproj/InfoPlist.strings</string>
			<key>sourceTree</key>
			<string>&lt;group&gt;</string>
		</dict>
		<key>A2B1E6901962D98E007E83B0</key>
		<dict>
			<key>fileRef</key>
			<string>A2B1E68E1962D98E007E83B0</string>
			<key>isa</key>
			<string>PBXBuildFile</string>
		</dict>
		<key>A2B1E6911962D98E007E83B0</key>
		<dict>
			<key>isa</key>
			<string>PBXFileReference</string>
			<key>lastKnownFileType</key>
			<string>sourcecode.c.objc</string>
			<key>path</key>
			<string>main.m</string>
			<key>sourceTree</key>
			<string>&lt;group&gt;</string>
		</dict>
		<key>A2B1E6921962D98E007E83B0</key>
		<dict>
			<key>fileRef</key>
			<string>A2B1E6911962D98E007E83B0</string>
			<key>isa</key>
			<string>PBXBuildFile</string>
		</dict>
		<key>A2B1E6931962D98E007E83B0</key>
		<dict>
			<key>isa</key>
			<string>PBXFileReference</string>
			<key>lastKnownFileType</key>
			<string>sourcecode.c.h</string>
			<key>path</key>
			<string>ILSC-Brisbane-Prefix.pch</string>
			<key>sourceTree</key>
			<string>&lt;group&gt;</string>
		</dict>
		<key>A2B1E6941962D98E007E83B0</key>
		<dict>
			<key>isa</key>
			<string>PBXFileReference</string>
			<key>lastKnownFileType</key>
			<string>sourcecode.c.h</string>
			<key>path</key>
			<string>AppDelegate.h</string>
			<key>sourceTree</key>
			<string>&lt;group&gt;</string>
		</dict>
		<key>A2B1E6951962D98E007E83B0</key>
		<dict>
			<key>isa</key>
			<string>PBXFileReference</string>
			<key>lastKnownFileType</key>
			<string>sourcecode.c.objc</string>
			<key>path</key>
			<string>AppDelegate.m</string>
			<key>sourceTree</key>
			<string>&lt;group&gt;</string>
		</dict>
		<key>A2B1E6961962D98E007E83B0</key>
		<dict>
			<key>fileRef</key>
			<string>A2B1E6951962D98E007E83B0</string>
			<key>isa</key>
			<string>PBXBuildFile</string>
		</dict>
		<key>A2B1E6971962D98E007E83B0</key>
		<dict>
			<key>children</key>
			<array>
				<string>A2B1E6981962D98E007E83B0</string>
			</array>
			<key>isa</key>
			<string>PBXVariantGroup</string>
			<key>name</key>
			<string>Main.storyboard</string>
			<key>sourceTree</key>
			<string>&lt;group&gt;</string>
		</dict>
		<key>A2B1E6981962D98E007E83B0</key>
		<dict>
			<key>isa</key>
			<string>PBXFileReference</string>
			<key>lastKnownFileType</key>
			<string>file.storyboard</string>
			<key>name</key>
			<string>Base</string>
			<key>path</key>
			<string>Base.lproj/Main.storyboard</string>
			<key>sourceTree</key>
			<string>&lt;group&gt;</string>
		</dict>
		<key>A2B1E6991962D98E007E83B0</key>
		<dict>
			<key>fileRef</key>
			<string>A2B1E6971962D98E007E83B0</string>
			<key>isa</key>
			<string>PBXBuildFile</string>
		</dict>
		<key>A2B1E69A1962D98E007E83B0</key>
		<dict>
			<key>isa</key>
			<string>PBXFileReference</string>
			<key>lastKnownFileType</key>
			<string>sourcecode.c.h</string>
			<key>path</key>
			<string>MenuViewController.h</string>
			<key>sourceTree</key>
			<string>&lt;group&gt;</string>
		</dict>
		<key>A2B1E69B1962D98E007E83B0</key>
		<dict>
			<key>isa</key>
			<string>PBXFileReference</string>
			<key>lastKnownFileType</key>
			<string>sourcecode.c.objc</string>
			<key>path</key>
			<string>MenuViewController.m</string>
			<key>sourceTree</key>
			<string>&lt;group&gt;</string>
		</dict>
		<key>A2B1E69C1962D98E007E83B0</key>
		<dict>
			<key>fileRef</key>
			<string>A2B1E69B1962D98E007E83B0</string>
			<key>isa</key>
			<string>PBXBuildFile</string>
		</dict>
		<key>A2B1E69D1962D98E007E83B0</key>
		<dict>
			<key>isa</key>
			<string>PBXFileReference</string>
			<key>lastKnownFileType</key>
			<string>folder.assetcatalog</string>
			<key>path</key>
			<string>Images.xcassets</string>
			<key>sourceTree</key>
			<string>&lt;group&gt;</string>
		</dict>
		<key>A2B1E69E1962D98E007E83B0</key>
		<dict>
			<key>fileRef</key>
			<string>A2B1E69D1962D98E007E83B0</string>
			<key>isa</key>
			<string>PBXBuildFile</string>
		</dict>
		<key>A2B1E69F1962D98E007E83B0</key>
		<dict>
			<key>buildActionMask</key>
			<string>2147483647</string>
			<key>files</key>
			<array>
				<string>A2B1E6B11962D98F007E83B0</string>
			</array>
			<key>isa</key>
			<string>PBXSourcesBuildPhase</string>
			<key>runOnlyForDeploymentPostprocessing</key>
			<string>0</string>
		</dict>
		<key>A2B1E6A01962D98E007E83B0</key>
		<dict>
			<key>buildActionMask</key>
			<string>2147483647</string>
			<key>files</key>
			<array>
				<string>A2B1E6A51962D98E007E83B0</string>
				<string>A2B1E6A71962D98E007E83B0</string>
				<string>A2B1E6A61962D98E007E83B0</string>
			</array>
			<key>isa</key>
			<string>PBXFrameworksBuildPhase</string>
			<key>runOnlyForDeploymentPostprocessing</key>
			<string>0</string>
		</dict>
		<key>A2B1E6A11962D98E007E83B0</key>
		<dict>
			<key>buildActionMask</key>
			<string>2147483647</string>
			<key>files</key>
			<array>
				<string>A2B1E6AF1962D98F007E83B0</string>
			</array>
			<key>isa</key>
			<string>PBXResourcesBuildPhase</string>
			<key>runOnlyForDeploymentPostprocessing</key>
			<string>0</string>
		</dict>
		<key>A2B1E6A21962D98E007E83B0</key>
		<dict>
			<key>buildConfigurationList</key>
			<string>A2B1E6B71962D98F007E83B0</string>
			<key>buildPhases</key>
			<array>
				<string>A2B1E69F1962D98E007E83B0</string>
				<string>A2B1E6A01962D98E007E83B0</string>
				<string>A2B1E6A11962D98E007E83B0</string>
			</array>
			<key>buildRules</key>
			<array/>
			<key>dependencies</key>
			<array>
				<string>A2B1E6A91962D98E007E83B0</string>
			</array>
			<key>isa</key>
			<string>PBXNativeTarget</string>
			<key>name</key>
			<string>ILSC-BrisbaneTests</string>
			<key>productName</key>
			<string>ILSC-BrisbaneTests</string>
			<key>productReference</key>
			<string>A2B1E6A31962D98E007E83B0</string>
			<key>productType</key>
			<string>com.apple.product-type.bundle.unit-test</string>
		</dict>
		<key>A2B1E6A31962D98E007E83B0</key>
		<dict>
			<key>explicitFileType</key>
			<string>wrapper.cfbundle</string>
			<key>includeInIndex</key>
			<string>0</string>
			<key>isa</key>
			<string>PBXFileReference</string>
			<key>path</key>
			<string>ILSC-BrisbaneTests.xctest</string>
			<key>sourceTree</key>
			<string>BUILT_PRODUCTS_DIR</string>
		</dict>
		<key>A2B1E6A41962D98E007E83B0</key>
		<dict>
			<key>isa</key>
			<string>PBXFileReference</string>
			<key>lastKnownFileType</key>
			<string>wrapper.framework</string>
			<key>name</key>
			<string>XCTest.framework</string>
			<key>path</key>
			<string>Library/Frameworks/XCTest.framework</string>
			<key>sourceTree</key>
			<string>DEVELOPER_DIR</string>
		</dict>
		<key>A2B1E6A51962D98E007E83B0</key>
		<dict>
			<key>fileRef</key>
			<string>A2B1E6A41962D98E007E83B0</string>
			<key>isa</key>
			<string>PBXBuildFile</string>
		</dict>
		<key>A2B1E6A61962D98E007E83B0</key>
		<dict>
			<key>fileRef</key>
			<string>A2B1E6851962D98E007E83B0</string>
			<key>isa</key>
			<string>PBXBuildFile</string>
		</dict>
		<key>A2B1E6A71962D98E007E83B0</key>
		<dict>
			<key>fileRef</key>
			<string>A2B1E6891962D98E007E83B0</string>
			<key>isa</key>
			<string>PBXBuildFile</string>
		</dict>
		<key>A2B1E6A81962D98E007E83B0</key>
		<dict>
			<key>containerPortal</key>
			<string>A2B1E67A1962D98E007E83B0</string>
			<key>isa</key>
			<string>PBXContainerItemProxy</string>
			<key>proxyType</key>
			<string>1</string>
			<key>remoteGlobalIDString</key>
			<string>A2B1E6811962D98E007E83B0</string>
			<key>remoteInfo</key>
			<string>ILSC-Brisbane</string>
		</dict>
		<key>A2B1E6A91962D98E007E83B0</key>
		<dict>
			<key>isa</key>
			<string>PBXTargetDependency</string>
			<key>target</key>
			<string>A2B1E6811962D98E007E83B0</string>
			<key>targetProxy</key>
			<string>A2B1E6A81962D98E007E83B0</string>
		</dict>
		<key>A2B1E6AA1962D98E007E83B0</key>
		<dict>
			<key>children</key>
			<array>
				<string>A2B1E6B01962D98F007E83B0</string>
				<string>A2B1E6AB1962D98E007E83B0</string>
			</array>
			<key>isa</key>
			<string>PBXGroup</string>
			<key>path</key>
			<string>ILSC-BrisbaneTests</string>
			<key>sourceTree</key>
			<string>&lt;group&gt;</string>
		</dict>
		<key>A2B1E6AB1962D98E007E83B0</key>
		<dict>
			<key>children</key>
			<array>
				<string>A2B1E6AC1962D98E007E83B0</string>
				<string>A2B1E6AD1962D98F007E83B0</string>
			</array>
			<key>isa</key>
			<string>PBXGroup</string>
			<key>name</key>
			<string>Supporting Files</string>
			<key>sourceTree</key>
			<string>&lt;group&gt;</string>
		</dict>
		<key>A2B1E6AC1962D98E007E83B0</key>
		<dict>
			<key>isa</key>
			<string>PBXFileReference</string>
			<key>lastKnownFileType</key>
			<string>text.plist.xml</string>
			<key>path</key>
			<string>ILSC-BrisbaneTests-Info.plist</string>
			<key>sourceTree</key>
			<string>&lt;group&gt;</string>
		</dict>
		<key>A2B1E6AD1962D98F007E83B0</key>
		<dict>
			<key>children</key>
			<array>
				<string>A2B1E6AE1962D98F007E83B0</string>
			</array>
			<key>isa</key>
			<string>PBXVariantGroup</string>
			<key>name</key>
			<string>InfoPlist.strings</string>
			<key>sourceTree</key>
			<string>&lt;group&gt;</string>
		</dict>
		<key>A2B1E6AE1962D98F007E83B0</key>
		<dict>
			<key>isa</key>
			<string>PBXFileReference</string>
			<key>lastKnownFileType</key>
			<string>text.plist.strings</string>
			<key>name</key>
			<string>en</string>
			<key>path</key>
			<string>en.lproj/InfoPlist.strings</string>
			<key>sourceTree</key>
			<string>&lt;group&gt;</string>
		</dict>
		<key>A2B1E6AF1962D98F007E83B0</key>
		<dict>
			<key>fileRef</key>
			<string>A2B1E6AD1962D98F007E83B0</string>
			<key>isa</key>
			<string>PBXBuildFile</string>
		</dict>
		<key>A2B1E6B01962D98F007E83B0</key>
		<dict>
			<key>isa</key>
			<string>PBXFileReference</string>
			<key>lastKnownFileType</key>
			<string>sourcecode.c.objc</string>
			<key>path</key>
			<string>ILSC_BrisbaneTests.m</string>
			<key>sourceTree</key>
			<string>&lt;group&gt;</string>
		</dict>
		<key>A2B1E6B11962D98F007E83B0</key>
		<dict>
			<key>fileRef</key>
			<string>A2B1E6B01962D98F007E83B0</string>
			<key>isa</key>
			<string>PBXBuildFile</string>
		</dict>
		<key>A2B1E6B21962D98F007E83B0</key>
		<dict>
			<key>buildSettings</key>
			<dict>
				<key>ALWAYS_SEARCH_USER_PATHS</key>
				<string>NO</string>
				<key>CLANG_CXX_LANGUAGE_STANDARD</key>
				<string>gnu++0x</string>
				<key>CLANG_CXX_LIBRARY</key>
				<string>libc++</string>
				<key>CLANG_ENABLE_MODULES</key>
				<string>YES</string>
				<key>CLANG_ENABLE_OBJC_ARC</key>
				<string>YES</string>
				<key>CLANG_WARN_BOOL_CONVERSION</key>
				<string>YES</string>
				<key>CLANG_WARN_CONSTANT_CONVERSION</key>
				<string>YES</string>
				<key>CLANG_WARN_DIRECT_OBJC_ISA_USAGE</key>
				<string>YES_ERROR</string>
				<key>CLANG_WARN_EMPTY_BODY</key>
				<string>YES</string>
				<key>CLANG_WARN_ENUM_CONVERSION</key>
				<string>YES</string>
				<key>CLANG_WARN_INT_CONVERSION</key>
				<string>YES</string>
				<key>CLANG_WARN_OBJC_ROOT_CLASS</key>
				<string>YES_ERROR</string>
				<key>CLANG_WARN__DUPLICATE_METHOD_MATCH</key>
				<string>YES</string>
				<key>CODE_SIGN_IDENTITY[sdk=iphoneos*]</key>
				<string>iPhone Developer</string>
				<key>COPY_PHASE_STRIP</key>
				<string>NO</string>
				<key>GCC_C_LANGUAGE_STANDARD</key>
				<string>gnu99</string>
				<key>GCC_DYNAMIC_NO_PIC</key>
				<string>NO</string>
				<key>GCC_OPTIMIZATION_LEVEL</key>
				<string>0</string>
				<key>GCC_PREPROCESSOR_DEFINITIONS</key>
				<array>
					<string>DEBUG=1</string>
					<string>$(inherited)</string>
				</array>
				<key>GCC_SYMBOLS_PRIVATE_EXTERN</key>
				<string>NO</string>
				<key>GCC_WARN_64_TO_32_BIT_CONVERSION</key>
				<string>YES</string>
				<key>GCC_WARN_ABOUT_RETURN_TYPE</key>
				<string>YES_ERROR</string>
				<key>GCC_WARN_UNDECLARED_SELECTOR</key>
				<string>YES</string>
				<key>GCC_WARN_UNINITIALIZED_AUTOS</key>
				<string>YES_AGGRESSIVE</string>
				<key>GCC_WARN_UNUSED_FUNCTION</key>
				<string>YES</string>
				<key>GCC_WARN_UNUSED_VARIABLE</key>
				<string>YES</string>
				<key>IPHONEOS_DEPLOYMENT_TARGET</key>
				<string>7.1</string>
				<key>ONLY_ACTIVE_ARCH</key>
				<string>YES</string>
				<key>SDKROOT</key>
				<string>iphoneos</string>
			</dict>
			<key>isa</key>
			<string>XCBuildConfiguration</string>
			<key>name</key>
			<string>Debug</string>
		</dict>
		<key>A2B1E6B31962D98F007E83B0</key>
		<dict>
			<key>buildSettings</key>
			<dict>
				<key>ALWAYS_SEARCH_USER_PATHS</key>
				<string>NO</string>
				<key>CLANG_CXX_LANGUAGE_STANDARD</key>
				<string>gnu++0x</string>
				<key>CLANG_CXX_LIBRARY</key>
				<string>libc++</string>
				<key>CLANG_ENABLE_MODULES</key>
				<string>YES</string>
				<key>CLANG_ENABLE_OBJC_ARC</key>
				<string>YES</string>
				<key>CLANG_WARN_BOOL_CONVERSION</key>
				<string>YES</string>
				<key>CLANG_WARN_CONSTANT_CONVERSION</key>
				<string>YES</string>
				<key>CLANG_WARN_DIRECT_OBJC_ISA_USAGE</key>
				<string>YES_ERROR</string>
				<key>CLANG_WARN_EMPTY_BODY</key>
				<string>YES</string>
				<key>CLANG_WARN_ENUM_CONVERSION</key>
				<string>YES</string>
				<key>CLANG_WARN_INT_CONVERSION</key>
				<string>YES</string>
				<key>CLANG_WARN_OBJC_ROOT_CLASS</key>
				<string>YES_ERROR</string>
				<key>CLANG_WARN__DUPLICATE_METHOD_MATCH</key>
				<string>YES</string>
				<key>CODE_SIGN_IDENTITY[sdk=iphoneos*]</key>
				<string>iPhone Developer</string>
				<key>COPY_PHASE_STRIP</key>
				<string>YES</string>
				<key>ENABLE_NS_ASSERTIONS</key>
				<string>NO</string>
				<key>GCC_C_LANGUAGE_STANDARD</key>
				<string>gnu99</string>
				<key>GCC_WARN_64_TO_32_BIT_CONVERSION</key>
				<string>YES</string>
				<key>GCC_WARN_ABOUT_RETURN_TYPE</key>
				<string>YES_ERROR</string>
				<key>GCC_WARN_UNDECLARED_SELECTOR</key>
				<string>YES</string>
				<key>GCC_WARN_UNINITIALIZED_AUTOS</key>
				<string>YES_AGGRESSIVE</string>
				<key>GCC_WARN_UNUSED_FUNCTION</key>
				<string>YES</string>
				<key>GCC_WARN_UNUSED_VARIABLE</key>
				<string>YES</string>
				<key>IPHONEOS_DEPLOYMENT_TARGET</key>
				<string>7.1</string>
				<key>SDKROOT</key>
				<string>iphoneos</string>
				<key>VALIDATE_PRODUCT</key>
				<string>YES</string>
			</dict>
			<key>isa</key>
			<string>XCBuildConfiguration</string>
			<key>name</key>
			<string>Release</string>
		</dict>
		<key>A2B1E6B41962D98F007E83B0</key>
		<dict>
			<key>buildConfigurations</key>
			<array>
				<string>A2B1E6B51962D98F007E83B0</string>
				<string>A2B1E6B61962D98F007E83B0</string>
			</array>
			<key>defaultConfigurationIsVisible</key>
			<string>0</string>
			<key>defaultConfigurationName</key>
			<string>Release</string>
			<key>isa</key>
			<string>XCConfigurationList</string>
		</dict>
		<key>A2B1E6B51962D98F007E83B0</key>
		<dict>
			<key>baseConfigurationReference</key>
			<string>4E55CE255AA43F41E165A7FF</string>
			<key>buildSettings</key>
			<dict>
				<key>ASSETCATALOG_COMPILER_APPICON_NAME</key>
				<string>AppIcon</string>
				<key>ASSETCATALOG_COMPILER_LAUNCHIMAGE_NAME</key>
				<string>LaunchImage</string>
				<key>CODE_SIGN_IDENTITY</key>
				<string>iPhone Developer: Cheng Lung Lin (24WVC7HTYC)</string>
				<key>CODE_SIGN_IDENTITY[sdk=iphoneos*]</key>
				<string>iPhone Developer: Cheng Lung Lin (24WVC7HTYC)</string>
				<key>FRAMEWORK_SEARCH_PATHS</key>
				<array>
					<string>$(inherited)</string>
					<string>$(PROJECT_DIR)</string>
				</array>
				<key>GCC_PRECOMPILE_PREFIX_HEADER</key>
				<string>YES</string>
				<key>GCC_PREFIX_HEADER</key>
				<string>ILSC-Brisbane/ILSC-Brisbane-Prefix.pch</string>
				<key>INFOPLIST_FILE</key>
				<string>ILSC-Brisbane/ILSC-Brisbane-Info.plist</string>
				<key>PRODUCT_NAME</key>
				<string>$(TARGET_NAME)</string>
				<key>PROVISIONING_PROFILE</key>
				<string>51F95F2B-BA87-427A-81DB-8022F6B465C2</string>
				<key>WRAPPER_EXTENSION</key>
				<string>app</string>
			</dict>
			<key>isa</key>
			<string>XCBuildConfiguration</string>
			<key>name</key>
			<string>Debug</string>
		</dict>
		<key>A2B1E6B61962D98F007E83B0</key>
		<dict>
			<key>baseConfigurationReference</key>
			<string>1499562A24F20D250EEB2EC2</string>
			<key>buildSettings</key>
			<dict>
				<key>ASSETCATALOG_COMPILER_APPICON_NAME</key>
				<string>AppIcon</string>
				<key>ASSETCATALOG_COMPILER_LAUNCHIMAGE_NAME</key>
				<string>LaunchImage</string>
				<key>CODE_SIGN_IDENTITY</key>
				<string>iPhone Developer: Cheng Lung Lin (24WVC7HTYC)</string>
				<key>CODE_SIGN_IDENTITY[sdk=iphoneos*]</key>
				<string>iPhone Developer: Cheng Lung Lin (24WVC7HTYC)</string>
				<key>FRAMEWORK_SEARCH_PATHS</key>
				<array>
					<string>$(inherited)</string>
					<string>$(PROJECT_DIR)</string>
				</array>
				<key>GCC_PRECOMPILE_PREFIX_HEADER</key>
				<string>YES</string>
				<key>GCC_PREFIX_HEADER</key>
				<string>ILSC-Brisbane/ILSC-Brisbane-Prefix.pch</string>
				<key>INFOPLIST_FILE</key>
				<string>ILSC-Brisbane/ILSC-Brisbane-Info.plist</string>
				<key>PRODUCT_NAME</key>
				<string>$(TARGET_NAME)</string>
				<key>PROVISIONING_PROFILE</key>
				<string>51F95F2B-BA87-427A-81DB-8022F6B465C2</string>
				<key>WRAPPER_EXTENSION</key>
				<string>app</string>
			</dict>
			<key>isa</key>
			<string>XCBuildConfiguration</string>
			<key>name</key>
			<string>Release</string>
		</dict>
		<key>A2B1E6B71962D98F007E83B0</key>
		<dict>
			<key>buildConfigurations</key>
			<array>
				<string>A2B1E6B81962D98F007E83B0</string>
				<string>A2B1E6B91962D98F007E83B0</string>
			</array>
			<key>defaultConfigurationIsVisible</key>
			<string>0</string>
			<key>defaultConfigurationName</key>
			<string>Release</string>
			<key>isa</key>
			<string>XCConfigurationList</string>
		</dict>
		<key>A2B1E6B81962D98F007E83B0</key>
		<dict>
			<key>buildSettings</key>
			<dict>
				<key>BUNDLE_LOADER</key>
				<string>$(BUILT_PRODUCTS_DIR)/ILSC-Brisbane.app/ILSC-Brisbane</string>
				<key>FRAMEWORK_SEARCH_PATHS</key>
				<array>
					<string>$(SDKROOT)/Developer/Library/Frameworks</string>
					<string>$(inherited)</string>
					<string>$(DEVELOPER_FRAMEWORKS_DIR)</string>
				</array>
				<key>GCC_PRECOMPILE_PREFIX_HEADER</key>
				<string>YES</string>
				<key>GCC_PREFIX_HEADER</key>
				<string>ILSC-Brisbane/ILSC-Brisbane-Prefix.pch</string>
				<key>GCC_PREPROCESSOR_DEFINITIONS</key>
				<array>
					<string>DEBUG=1</string>
					<string>$(inherited)</string>
				</array>
				<key>INFOPLIST_FILE</key>
				<string>ILSC-BrisbaneTests/ILSC-BrisbaneTests-Info.plist</string>
				<key>PRODUCT_NAME</key>
				<string>$(TARGET_NAME)</string>
				<key>TEST_HOST</key>
				<string>$(BUNDLE_LOADER)</string>
				<key>WRAPPER_EXTENSION</key>
				<string>xctest</string>
			</dict>
			<key>isa</key>
			<string>XCBuildConfiguration</string>
			<key>name</key>
			<string>Debug</string>
		</dict>
		<key>A2B1E6B91962D98F007E83B0</key>
		<dict>
			<key>buildSettings</key>
			<dict>
				<key>BUNDLE_LOADER</key>
				<string>$(BUILT_PRODUCTS_DIR)/ILSC-Brisbane.app/ILSC-Brisbane</string>
				<key>FRAMEWORK_SEARCH_PATHS</key>
				<array>
					<string>$(SDKROOT)/Developer/Library/Frameworks</string>
					<string>$(inherited)</string>
					<string>$(DEVELOPER_FRAMEWORKS_DIR)</string>
				</array>
				<key>GCC_PRECOMPILE_PREFIX_HEADER</key>
				<string>YES</string>
				<key>GCC_PREFIX_HEADER</key>
				<string>ILSC-Brisbane/ILSC-Brisbane-Prefix.pch</string>
				<key>INFOPLIST_FILE</key>
				<string>ILSC-BrisbaneTests/ILSC-BrisbaneTests-Info.plist</string>
				<key>PRODUCT_NAME</key>
				<string>$(TARGET_NAME)</string>
				<key>TEST_HOST</key>
				<string>$(BUNDLE_LOADER)</string>
				<key>WRAPPER_EXTENSION</key>
				<string>xctest</string>
			</dict>
			<key>isa</key>
			<string>XCBuildConfiguration</string>
			<key>name</key>
			<string>Release</string>
		</dict>
		<key>A2B1E6BA1962E84F007E83B0</key>
		<dict>
			<key>isa</key>
			<string>PBXFileReference</string>
			<key>lastKnownFileType</key>
			<string>wrapper.framework</string>
			<key>name</key>
			<string>MapKit.framework</string>
			<key>path</key>
			<string>System/Library/Frameworks/MapKit.framework</string>
			<key>sourceTree</key>
			<string>SDKROOT</string>
		</dict>
		<key>A2B1E6BB1962E84F007E83B0</key>
		<dict>
			<key>fileRef</key>
			<string>A2B1E6BA1962E84F007E83B0</string>
			<key>isa</key>
			<string>PBXBuildFile</string>
		</dict>
		<key>A2B1E6BC1962ECA2007E83B0</key>
		<dict>
			<key>children</key>
			<array>
				<string>A2B1E69A1962D98E007E83B0</string>
				<string>A2B1E69B1962D98E007E83B0</string>
				<string>A2B1E6BD1962ED4F007E83B0</string>
				<string>A2B1E6BE1962ED4F007E83B0</string>
				<string>A22B968819ADCDF600D3BDC4</string>
				<string>A22B968919ADCDF600D3BDC4</string>
				<string>A22B968B19AE147D00D3BDC4</string>
				<string>A22B968C19AE147D00D3BDC4</string>
				<string>A29E83B119EF917B007E4CF0</string>
				<string>A29E83B219EF917B007E4CF0</string>
				<string>A232F1CF1A2B0BC700401DA1</string>
				<string>A232F1D01A2B0BC700401DA1</string>
				<string>A27FE40C1A2DE7F00068A31B</string>
				<string>A27FE40D1A2DE7F00068A31B</string>
			</array>
			<key>isa</key>
			<string>PBXGroup</string>
			<key>name</key>
			<string>ViewController</string>
			<key>sourceTree</key>
			<string>&lt;group&gt;</string>
		</dict>
		<key>A2B1E6BD1962ED4F007E83B0</key>
		<dict>
			<key>fileEncoding</key>
			<string>4</string>
			<key>isa</key>
			<string>PBXFileReference</string>
			<key>lastKnownFileType</key>
			<string>sourcecode.c.h</string>
			<key>path</key>
			<string>MapViewController.h</string>
			<key>sourceTree</key>
			<string>&lt;group&gt;</string>
		</dict>
		<key>A2B1E6BE1962ED4F007E83B0</key>
		<dict>
			<key>fileEncoding</key>
			<string>4</string>
			<key>isa</key>
			<string>PBXFileReference</string>
			<key>lastKnownFileType</key>
			<string>sourcecode.c.objc</string>
			<key>path</key>
			<string>MapViewController.m</string>
			<key>sourceTree</key>
			<string>&lt;group&gt;</string>
		</dict>
		<key>A2B1E6BF1962ED4F007E83B0</key>
		<dict>
			<key>fileRef</key>
			<string>A2B1E6BE1962ED4F007E83B0</string>
			<key>isa</key>
			<string>PBXBuildFile</string>
		</dict>
		<key>B6D1957C521A5006E0927901</key>
		<dict>
			<key>fileRef</key>
			<string>D2E78265C7AA21B0A1E48551</string>
			<key>isa</key>
			<string>PBXBuildFile</string>
		</dict>
		<key>D2E78265C7AA21B0A1E48551</key>
		<dict>
			<key>explicitFileType</key>
			<string>archive.ar</string>
			<key>includeInIndex</key>
			<string>0</string>
			<key>isa</key>
			<string>PBXFileReference</string>
			<key>path</key>
			<string>libPods-ILSC-Brisbane.a</string>
			<key>sourceTree</key>
			<string>BUILT_PRODUCTS_DIR</string>
		</dict>
		<key>E75C126956D90BA42CB1DC48</key>
		<dict>
			<key>buildActionMask</key>
			<string>2147483647</string>
			<key>files</key>
			<array/>
			<key>inputPaths</key>
			<array/>
			<key>isa</key>
			<string>PBXShellScriptBuildPhase</string>
			<key>name</key>
			<string>Copy Pods Resources</string>
			<key>outputPaths</key>
			<array/>
			<key>runOnlyForDeploymentPostprocessing</key>
			<string>0</string>
			<key>shellPath</key>
			<string>/bin/sh</string>
			<key>shellScript</key>
			<string>"${SRCROOT}/Pods/Target Support Files/Pods-ILSC-Brisbane/Pods-ILSC-Brisbane-resources.sh"
</string>
			<key>showEnvVarsInLog</key>
			<string>0</string>
		</dict>
	</dict>
	<key>rootObject</key>
	<string>A2B1E67A1962D98E007E83B0</string>
</dict>
</plist>
